// !$*UTF8*$!
{
	archiveVersion = 1;
	classes = {
	};
	objectVersion = 50;
	objects = {

/* Begin PBXBuildFile section */
		F7336C66257493F700C05848 /* AppDelegate.swift in Sources */ = {isa = PBXBuildFile; fileRef = F7336C65257493F700C05848 /* AppDelegate.swift */; };
		F7336C68257493F700C05848 /* SceneDelegate.swift in Sources */ = {isa = PBXBuildFile; fileRef = F7336C67257493F700C05848 /* SceneDelegate.swift */; };
		F7336C6A257493F800C05848 /* HotGamesViewController.swift in Sources */ = {isa = PBXBuildFile; fileRef = F7336C69257493F700C05848 /* HotGamesViewController.swift */; };
		F7336C70257493F800C05848 /* GamePouch_v2.xcdatamodeld in Sources */ = {isa = PBXBuildFile; fileRef = F7336C6E257493F800C05848 /* GamePouch_v2.xcdatamodeld */; };
		F7336C72257493F900C05848 /* Assets.xcassets in Resources */ = {isa = PBXBuildFile; fileRef = F7336C71257493F900C05848 /* Assets.xcassets */; };
		F7336C75257493F900C05848 /* LaunchScreen.storyboard in Resources */ = {isa = PBXBuildFile; fileRef = F7336C73257493F900C05848 /* LaunchScreen.storyboard */; };
		F7336C80257493FA00C05848 /* GamePouch_v2Tests.swift in Sources */ = {isa = PBXBuildFile; fileRef = F7336C7F257493FA00C05848 /* GamePouch_v2Tests.swift */; };
		F7336C8B257493FA00C05848 /* GamePouch_v2UITests.swift in Sources */ = {isa = PBXBuildFile; fileRef = F7336C8A257493FA00C05848 /* GamePouch_v2UITests.swift */; };
		F7336CA32576033A00C05848 /* TabBarController.swift in Sources */ = {isa = PBXBuildFile; fileRef = F7336CA22576033A00C05848 /* TabBarController.swift */; };
		F7336CC5257721EF00C05848 /* NetworkManager.swift in Sources */ = {isa = PBXBuildFile; fileRef = F7336CC4257721EF00C05848 /* NetworkManager.swift */; };
		F7336CCE257724E800C05848 /* GPError.swift in Sources */ = {isa = PBXBuildFile; fileRef = F7336CCD257724E800C05848 /* GPError.swift */; };
		F7336CD42577340100C05848 /* Game.swift in Sources */ = {isa = PBXBuildFile; fileRef = F7336CD32577340100C05848 /* Game.swift */; };
		F75E5BEA257B111E00611A40 /* UITableView+Ext.swift in Sources */ = {isa = PBXBuildFile; fileRef = F75E5BE9257B111E00611A40 /* UITableView+Ext.swift */; };
		F75E5BEF257B155800611A40 /* GameInfoParser.swift in Sources */ = {isa = PBXBuildFile; fileRef = F75E5BEE257B155800611A40 /* GameInfoParser.swift */; };
		F771543D25785A7900FB1508 /* HotnessListParser.swift in Sources */ = {isa = PBXBuildFile; fileRef = F771543C25785A7900FB1508 /* HotnessListParser.swift */; };
		F7B9A7842579E9AF00E06A0F /* GameCell.swift in Sources */ = {isa = PBXBuildFile; fileRef = F7B9A7832579E9AF00E06A0F /* GameCell.swift */; };
		F7D8C74925837B8700237071 /* GameImageView.swift in Sources */ = {isa = PBXBuildFile; fileRef = F7D8C74825837B8700237071 /* GameImageView.swift */; };
		F7D8C74E25837C2F00237071 /* Constants.swift in Sources */ = {isa = PBXBuildFile; fileRef = F7D8C74D25837C2F00237071 /* Constants.swift */; };
/* End PBXBuildFile section */

/* Begin PBXContainerItemProxy section */
		F7336C7C257493F900C05848 /* PBXContainerItemProxy */ = {
			isa = PBXContainerItemProxy;
			containerPortal = F7336C5A257493F700C05848 /* Project object */;
			proxyType = 1;
			remoteGlobalIDString = F7336C61257493F700C05848;
			remoteInfo = GamePouch_v2;
		};
		F7336C87257493FA00C05848 /* PBXContainerItemProxy */ = {
			isa = PBXContainerItemProxy;
			containerPortal = F7336C5A257493F700C05848 /* Project object */;
			proxyType = 1;
			remoteGlobalIDString = F7336C61257493F700C05848;
			remoteInfo = GamePouch_v2;
		};
/* End PBXContainerItemProxy section */

/* Begin PBXFileReference section */
		F7336C62257493F700C05848 /* GamePouch_v2.app */ = {isa = PBXFileReference; explicitFileType = wrapper.application; includeInIndex = 0; path = GamePouch_v2.app; sourceTree = BUILT_PRODUCTS_DIR; };
		F7336C65257493F700C05848 /* AppDelegate.swift */ = {isa = PBXFileReference; lastKnownFileType = sourcecode.swift; path = AppDelegate.swift; sourceTree = "<group>"; };
		F7336C67257493F700C05848 /* SceneDelegate.swift */ = {isa = PBXFileReference; lastKnownFileType = sourcecode.swift; path = SceneDelegate.swift; sourceTree = "<group>"; };
		F7336C69257493F700C05848 /* HotGamesViewController.swift */ = {isa = PBXFileReference; lastKnownFileType = sourcecode.swift; path = HotGamesViewController.swift; sourceTree = "<group>"; };
		F7336C6F257493F800C05848 /* GamePouch_v2.xcdatamodel */ = {isa = PBXFileReference; lastKnownFileType = wrapper.xcdatamodel; path = GamePouch_v2.xcdatamodel; sourceTree = "<group>"; };
		F7336C71257493F900C05848 /* Assets.xcassets */ = {isa = PBXFileReference; lastKnownFileType = folder.assetcatalog; path = Assets.xcassets; sourceTree = "<group>"; };
		F7336C74257493F900C05848 /* Base */ = {isa = PBXFileReference; lastKnownFileType = file.storyboard; name = Base; path = Base.lproj/LaunchScreen.storyboard; sourceTree = "<group>"; };
		F7336C76257493F900C05848 /* Info.plist */ = {isa = PBXFileReference; lastKnownFileType = text.plist.xml; path = Info.plist; sourceTree = "<group>"; };
		F7336C7B257493F900C05848 /* GamePouch_v2Tests.xctest */ = {isa = PBXFileReference; explicitFileType = wrapper.cfbundle; includeInIndex = 0; path = GamePouch_v2Tests.xctest; sourceTree = BUILT_PRODUCTS_DIR; };
		F7336C7F257493FA00C05848 /* GamePouch_v2Tests.swift */ = {isa = PBXFileReference; lastKnownFileType = sourcecode.swift; path = GamePouch_v2Tests.swift; sourceTree = "<group>"; };
		F7336C81257493FA00C05848 /* Info.plist */ = {isa = PBXFileReference; lastKnownFileType = text.plist.xml; path = Info.plist; sourceTree = "<group>"; };
		F7336C86257493FA00C05848 /* GamePouch_v2UITests.xctest */ = {isa = PBXFileReference; explicitFileType = wrapper.cfbundle; includeInIndex = 0; path = GamePouch_v2UITests.xctest; sourceTree = BUILT_PRODUCTS_DIR; };
		F7336C8A257493FA00C05848 /* GamePouch_v2UITests.swift */ = {isa = PBXFileReference; lastKnownFileType = sourcecode.swift; path = GamePouch_v2UITests.swift; sourceTree = "<group>"; };
		F7336C8C257493FA00C05848 /* Info.plist */ = {isa = PBXFileReference; lastKnownFileType = text.plist.xml; path = Info.plist; sourceTree = "<group>"; };
		F7336CA22576033A00C05848 /* TabBarController.swift */ = {isa = PBXFileReference; lastKnownFileType = sourcecode.swift; path = TabBarController.swift; sourceTree = "<group>"; };
		F7336CC4257721EF00C05848 /* NetworkManager.swift */ = {isa = PBXFileReference; lastKnownFileType = sourcecode.swift; path = NetworkManager.swift; sourceTree = "<group>"; };
		F7336CCD257724E800C05848 /* GPError.swift */ = {isa = PBXFileReference; lastKnownFileType = sourcecode.swift; path = GPError.swift; sourceTree = "<group>"; };
		F7336CD32577340100C05848 /* Game.swift */ = {isa = PBXFileReference; lastKnownFileType = sourcecode.swift; path = Game.swift; sourceTree = "<group>"; };
		F75E5BE9257B111E00611A40 /* UITableView+Ext.swift */ = {isa = PBXFileReference; lastKnownFileType = sourcecode.swift; path = "UITableView+Ext.swift"; sourceTree = "<group>"; };
		F75E5BEE257B155800611A40 /* GameInfoParser.swift */ = {isa = PBXFileReference; lastKnownFileType = sourcecode.swift; path = GameInfoParser.swift; sourceTree = "<group>"; };
		F771543C25785A7900FB1508 /* HotnessListParser.swift */ = {isa = PBXFileReference; lastKnownFileType = sourcecode.swift; path = HotnessListParser.swift; sourceTree = "<group>"; };
		F7B9A7832579E9AF00E06A0F /* GameCell.swift */ = {isa = PBXFileReference; lastKnownFileType = sourcecode.swift; path = GameCell.swift; sourceTree = "<group>"; };
		F7D8C74825837B8700237071 /* GameImageView.swift */ = {isa = PBXFileReference; lastKnownFileType = sourcecode.swift; path = GameImageView.swift; sourceTree = "<group>"; };
		F7D8C74D25837C2F00237071 /* Constants.swift */ = {isa = PBXFileReference; lastKnownFileType = sourcecode.swift; path = Constants.swift; sourceTree = "<group>"; };
/* End PBXFileReference section */

/* Begin PBXFrameworksBuildPhase section */
		F7336C5F257493F700C05848 /* Frameworks */ = {
			isa = PBXFrameworksBuildPhase;
			buildActionMask = 2147483647;
			files = (
			);
			runOnlyForDeploymentPostprocessing = 0;
		};
		F7336C78257493F900C05848 /* Frameworks */ = {
			isa = PBXFrameworksBuildPhase;
			buildActionMask = 2147483647;
			files = (
			);
			runOnlyForDeploymentPostprocessing = 0;
		};
		F7336C83257493FA00C05848 /* Frameworks */ = {
			isa = PBXFrameworksBuildPhase;
			buildActionMask = 2147483647;
			files = (
			);
			runOnlyForDeploymentPostprocessing = 0;
		};
/* End PBXFrameworksBuildPhase section */

/* Begin PBXGroup section */
		F7336C59257493F700C05848 = {
			isa = PBXGroup;
			children = (
				F7336C64257493F700C05848 /* GamePouch_v2 */,
				F7336C7E257493FA00C05848 /* GamePouch_v2Tests */,
				F7336C89257493FA00C05848 /* GamePouch_v2UITests */,
				F7336C63257493F700C05848 /* Products */,
			);
			sourceTree = "<group>";
		};
		F7336C63257493F700C05848 /* Products */ = {
			isa = PBXGroup;
			children = (
				F7336C62257493F700C05848 /* GamePouch_v2.app */,
				F7336C7B257493F900C05848 /* GamePouch_v2Tests.xctest */,
				F7336C86257493FA00C05848 /* GamePouch_v2UITests.xctest */,
			);
			name = Products;
			sourceTree = "<group>";
		};
		F7336C64257493F700C05848 /* GamePouch_v2 */ = {
			isa = PBXGroup;
			children = (
				F7336CCC257724C700C05848 /* Utilities */,
				F75E5BE8257B109700611A40 /* Extensions */,
				F7336CC3257721CF00C05848 /* Managers */,
				F7336CD2257733F300C05848 /* Model */,
				F771542B2578526C00FB1508 /* ViewControllers */,
				F7B9A7772579E74000E06A0F /* Custom Views */,
				F771542C257852AB00FB1508 /* Support */,
				F7336C76257493F900C05848 /* Info.plist */,
			);
			path = GamePouch_v2;
			sourceTree = "<group>";
		};
		F7336C7E257493FA00C05848 /* GamePouch_v2Tests */ = {
			isa = PBXGroup;
			children = (
				F7336C7F257493FA00C05848 /* GamePouch_v2Tests.swift */,
				F7336C81257493FA00C05848 /* Info.plist */,
			);
			path = GamePouch_v2Tests;
			sourceTree = "<group>";
		};
		F7336C89257493FA00C05848 /* GamePouch_v2UITests */ = {
			isa = PBXGroup;
			children = (
				F7336C8A257493FA00C05848 /* GamePouch_v2UITests.swift */,
				F7336C8C257493FA00C05848 /* Info.plist */,
			);
			path = GamePouch_v2UITests;
			sourceTree = "<group>";
		};
		F7336CC3257721CF00C05848 /* Managers */ = {
			isa = PBXGroup;
			children = (
				F7336CC4257721EF00C05848 /* NetworkManager.swift */,
			);
			path = Managers;
			sourceTree = "<group>";
		};
		F7336CCC257724C700C05848 /* Utilities */ = {
			isa = PBXGroup;
			children = (
				F7336CCD257724E800C05848 /* GPError.swift */,
				F7D8C74D25837C2F00237071 /* Constants.swift */,
			);
			path = Utilities;
			sourceTree = "<group>";
		};
		F7336CD2257733F300C05848 /* Model */ = {
			isa = PBXGroup;
			children = (
				F7336CD32577340100C05848 /* Game.swift */,
				F771542D2578531900FB1508 /* Parsers */,
			);
			path = Model;
			sourceTree = "<group>";
		};
		F75E5BE8257B109700611A40 /* Extensions */ = {
			isa = PBXGroup;
			children = (
				F75E5BE9257B111E00611A40 /* UITableView+Ext.swift */,
			);
			path = Extensions;
			sourceTree = "<group>";
		};
		F771542B2578526C00FB1508 /* ViewControllers */ = {
			isa = PBXGroup;
			children = (
				F7336C69257493F700C05848 /* HotGamesViewController.swift */,
				F7336CA22576033A00C05848 /* TabBarController.swift */,
			);
			path = ViewControllers;
			sourceTree = "<group>";
		};
		F771542C257852AB00FB1508 /* Support */ = {
			isa = PBXGroup;
			children = (
				F7336C65257493F700C05848 /* AppDelegate.swift */,
				F7336C67257493F700C05848 /* SceneDelegate.swift */,
				F7336C71257493F900C05848 /* Assets.xcassets */,
				F7336C73257493F900C05848 /* LaunchScreen.storyboard */,
				F7336C6E257493F800C05848 /* GamePouch_v2.xcdatamodeld */,
			);
			path = Support;
			sourceTree = "<group>";
		};
		F771542D2578531900FB1508 /* Parsers */ = {
			isa = PBXGroup;
			children = (
				F771543C25785A7900FB1508 /* HotnessListParser.swift */,
				F75E5BEE257B155800611A40 /* GameInfoParser.swift */,
			);
			path = Parsers;
			sourceTree = "<group>";
		};
		F7B9A7762579E72E00E06A0F /* Cells */ = {
			isa = PBXGroup;
			children = (
				F7B9A7832579E9AF00E06A0F /* GameCell.swift */,
			);
			path = Cells;
			sourceTree = "<group>";
		};
		F7B9A7772579E74000E06A0F /* Custom Views */ = {
			isa = PBXGroup;
			children = (
				F7D8C74725837B4700237071 /* ImageViews */,
				F7B9A7762579E72E00E06A0F /* Cells */,
			);
			path = "Custom Views";
			sourceTree = "<group>";
		};
		F7D8C74725837B4700237071 /* ImageViews */ = {
			isa = PBXGroup;
			children = (
				F7D8C74825837B8700237071 /* GameImageView.swift */,
			);
			path = ImageViews;
			sourceTree = "<group>";
		};
/* End PBXGroup section */

/* Begin PBXNativeTarget section */
		F7336C61257493F700C05848 /* GamePouch_v2 */ = {
			isa = PBXNativeTarget;
			buildConfigurationList = F7336C8F257493FA00C05848 /* Build configuration list for PBXNativeTarget "GamePouch_v2" */;
			buildPhases = (
				F7336C5E257493F700C05848 /* Sources */,
				F7336C5F257493F700C05848 /* Frameworks */,
				F7336C60257493F700C05848 /* Resources */,
			);
			buildRules = (
			);
			dependencies = (
			);
			name = GamePouch_v2;
			productName = GamePouch_v2;
			productReference = F7336C62257493F700C05848 /* GamePouch_v2.app */;
			productType = "com.apple.product-type.application";
		};
		F7336C7A257493F900C05848 /* GamePouch_v2Tests */ = {
			isa = PBXNativeTarget;
			buildConfigurationList = F7336C92257493FA00C05848 /* Build configuration list for PBXNativeTarget "GamePouch_v2Tests" */;
			buildPhases = (
				F7336C77257493F900C05848 /* Sources */,
				F7336C78257493F900C05848 /* Frameworks */,
				F7336C79257493F900C05848 /* Resources */,
			);
			buildRules = (
			);
			dependencies = (
				F7336C7D257493F900C05848 /* PBXTargetDependency */,
			);
			name = GamePouch_v2Tests;
			productName = GamePouch_v2Tests;
			productReference = F7336C7B257493F900C05848 /* GamePouch_v2Tests.xctest */;
			productType = "com.apple.product-type.bundle.unit-test";
		};
		F7336C85257493FA00C05848 /* GamePouch_v2UITests */ = {
			isa = PBXNativeTarget;
			buildConfigurationList = F7336C95257493FA00C05848 /* Build configuration list for PBXNativeTarget "GamePouch_v2UITests" */;
			buildPhases = (
				F7336C82257493FA00C05848 /* Sources */,
				F7336C83257493FA00C05848 /* Frameworks */,
				F7336C84257493FA00C05848 /* Resources */,
			);
			buildRules = (
			);
			dependencies = (
				F7336C88257493FA00C05848 /* PBXTargetDependency */,
			);
			name = GamePouch_v2UITests;
			productName = GamePouch_v2UITests;
			productReference = F7336C86257493FA00C05848 /* GamePouch_v2UITests.xctest */;
			productType = "com.apple.product-type.bundle.ui-testing";
		};
/* End PBXNativeTarget section */

/* Begin PBXProject section */
		F7336C5A257493F700C05848 /* Project object */ = {
			isa = PBXProject;
			attributes = {
				LastSwiftUpdateCheck = 1220;
				LastUpgradeCheck = 1220;
				TargetAttributes = {
					F7336C61257493F700C05848 = {
						CreatedOnToolsVersion = 12.2;
					};
					F7336C7A257493F900C05848 = {
						CreatedOnToolsVersion = 12.2;
						TestTargetID = F7336C61257493F700C05848;
					};
					F7336C85257493FA00C05848 = {
						CreatedOnToolsVersion = 12.2;
						TestTargetID = F7336C61257493F700C05848;
					};
				};
			};
			buildConfigurationList = F7336C5D257493F700C05848 /* Build configuration list for PBXProject "GamePouch_v2" */;
			compatibilityVersion = "Xcode 9.3";
			developmentRegion = en;
			hasScannedForEncodings = 0;
			knownRegions = (
				en,
				Base,
			);
			mainGroup = F7336C59257493F700C05848;
			productRefGroup = F7336C63257493F700C05848 /* Products */;
			projectDirPath = "";
			projectRoot = "";
			targets = (
				F7336C61257493F700C05848 /* GamePouch_v2 */,
				F7336C7A257493F900C05848 /* GamePouch_v2Tests */,
				F7336C85257493FA00C05848 /* GamePouch_v2UITests */,
			);
		};
/* End PBXProject section */

/* Begin PBXResourcesBuildPhase section */
		F7336C60257493F700C05848 /* Resources */ = {
			isa = PBXResourcesBuildPhase;
			buildActionMask = 2147483647;
			files = (
				F7336C75257493F900C05848 /* LaunchScreen.storyboard in Resources */,
				F7336C72257493F900C05848 /* Assets.xcassets in Resources */,
			);
			runOnlyForDeploymentPostprocessing = 0;
		};
		F7336C79257493F900C05848 /* Resources */ = {
			isa = PBXResourcesBuildPhase;
			buildActionMask = 2147483647;
			files = (
			);
			runOnlyForDeploymentPostprocessing = 0;
		};
		F7336C84257493FA00C05848 /* Resources */ = {
			isa = PBXResourcesBuildPhase;
			buildActionMask = 2147483647;
			files = (
			);
			runOnlyForDeploymentPostprocessing = 0;
		};
/* End PBXResourcesBuildPhase section */

/* Begin PBXSourcesBuildPhase section */
		F7336C5E257493F700C05848 /* Sources */ = {
			isa = PBXSourcesBuildPhase;
			buildActionMask = 2147483647;
			files = (
				F75E5BEA257B111E00611A40 /* UITableView+Ext.swift in Sources */,
				F771543D25785A7900FB1508 /* HotnessListParser.swift in Sources */,
				F7336CC5257721EF00C05848 /* NetworkManager.swift in Sources */,
				F7336C6A257493F800C05848 /* HotGamesViewController.swift in Sources */,
				F7336C70257493F800C05848 /* GamePouch_v2.xcdatamodeld in Sources */,
				F7336CCE257724E800C05848 /* GPError.swift in Sources */,
				F7B9A7842579E9AF00E06A0F /* GameCell.swift in Sources */,
				F7336C66257493F700C05848 /* AppDelegate.swift in Sources */,
				F7D8C74925837B8700237071 /* GameImageView.swift in Sources */,
				F7336CA32576033A00C05848 /* TabBarController.swift in Sources */,
				F7336C68257493F700C05848 /* SceneDelegate.swift in Sources */,
				F7D8C74E25837C2F00237071 /* Constants.swift in Sources */,
				F75E5BEF257B155800611A40 /* GameInfoParser.swift in Sources */,
				F7336CD42577340100C05848 /* Game.swift in Sources */,
			);
			runOnlyForDeploymentPostprocessing = 0;
		};
		F7336C77257493F900C05848 /* Sources */ = {
			isa = PBXSourcesBuildPhase;
			buildActionMask = 2147483647;
			files = (
				F7336C80257493FA00C05848 /* GamePouch_v2Tests.swift in Sources */,
			);
			runOnlyForDeploymentPostprocessing = 0;
		};
		F7336C82257493FA00C05848 /* Sources */ = {
			isa = PBXSourcesBuildPhase;
			buildActionMask = 2147483647;
			files = (
				F7336C8B257493FA00C05848 /* GamePouch_v2UITests.swift in Sources */,
			);
			runOnlyForDeploymentPostprocessing = 0;
		};
/* End PBXSourcesBuildPhase section */

/* Begin PBXTargetDependency section */
		F7336C7D257493F900C05848 /* PBXTargetDependency */ = {
			isa = PBXTargetDependency;
			target = F7336C61257493F700C05848 /* GamePouch_v2 */;
			targetProxy = F7336C7C257493F900C05848 /* PBXContainerItemProxy */;
		};
		F7336C88257493FA00C05848 /* PBXTargetDependency */ = {
			isa = PBXTargetDependency;
			target = F7336C61257493F700C05848 /* GamePouch_v2 */;
			targetProxy = F7336C87257493FA00C05848 /* PBXContainerItemProxy */;
		};
/* End PBXTargetDependency section */

/* Begin PBXVariantGroup section */
		F7336C73257493F900C05848 /* LaunchScreen.storyboard */ = {
			isa = PBXVariantGroup;
			children = (
				F7336C74257493F900C05848 /* Base */,
			);
			name = LaunchScreen.storyboard;
			sourceTree = "<group>";
		};
/* End PBXVariantGroup section */

/* Begin XCBuildConfiguration section */
		F7336C8D257493FA00C05848 /* Debug */ = {
			isa = XCBuildConfiguration;
			buildSettings = {
				ALWAYS_SEARCH_USER_PATHS = NO;
				CLANG_ANALYZER_NONNULL = YES;
				CLANG_ANALYZER_NUMBER_OBJECT_CONVERSION = YES_AGGRESSIVE;
				CLANG_CXX_LANGUAGE_STANDARD = "gnu++14";
				CLANG_CXX_LIBRARY = "libc++";
				CLANG_ENABLE_MODULES = YES;
				CLANG_ENABLE_OBJC_ARC = YES;
				CLANG_ENABLE_OBJC_WEAK = YES;
				CLANG_WARN_BLOCK_CAPTURE_AUTORELEASING = YES;
				CLANG_WARN_BOOL_CONVERSION = YES;
				CLANG_WARN_COMMA = YES;
				CLANG_WARN_CONSTANT_CONVERSION = YES;
				CLANG_WARN_DEPRECATED_OBJC_IMPLEMENTATIONS = YES;
				CLANG_WARN_DIRECT_OBJC_ISA_USAGE = YES_ERROR;
				CLANG_WARN_DOCUMENTATION_COMMENTS = YES;
				CLANG_WARN_EMPTY_BODY = YES;
				CLANG_WARN_ENUM_CONVERSION = YES;
				CLANG_WARN_INFINITE_RECURSION = YES;
				CLANG_WARN_INT_CONVERSION = YES;
				CLANG_WARN_NON_LITERAL_NULL_CONVERSION = YES;
				CLANG_WARN_OBJC_IMPLICIT_RETAIN_SELF = YES;
				CLANG_WARN_OBJC_LITERAL_CONVERSION = YES;
				CLANG_WARN_OBJC_ROOT_CLASS = YES_ERROR;
				CLANG_WARN_QUOTED_INCLUDE_IN_FRAMEWORK_HEADER = YES;
				CLANG_WARN_RANGE_LOOP_ANALYSIS = YES;
				CLANG_WARN_STRICT_PROTOTYPES = YES;
				CLANG_WARN_SUSPICIOUS_MOVE = YES;
				CLANG_WARN_UNGUARDED_AVAILABILITY = YES_AGGRESSIVE;
				CLANG_WARN_UNREACHABLE_CODE = YES;
				CLANG_WARN__DUPLICATE_METHOD_MATCH = YES;
				COPY_PHASE_STRIP = NO;
				DEBUG_INFORMATION_FORMAT = dwarf;
				ENABLE_STRICT_OBJC_MSGSEND = YES;
				ENABLE_TESTABILITY = YES;
				GCC_C_LANGUAGE_STANDARD = gnu11;
				GCC_DYNAMIC_NO_PIC = NO;
				GCC_NO_COMMON_BLOCKS = YES;
				GCC_OPTIMIZATION_LEVEL = 0;
				GCC_PREPROCESSOR_DEFINITIONS = (
					"DEBUG=1",
					"$(inherited)",
				);
				GCC_WARN_64_TO_32_BIT_CONVERSION = YES;
				GCC_WARN_ABOUT_RETURN_TYPE = YES_ERROR;
				GCC_WARN_UNDECLARED_SELECTOR = YES;
				GCC_WARN_UNINITIALIZED_AUTOS = YES_AGGRESSIVE;
				GCC_WARN_UNUSED_FUNCTION = YES;
				GCC_WARN_UNUSED_VARIABLE = YES;
				IPHONEOS_DEPLOYMENT_TARGET = 14.2;
				MTL_ENABLE_DEBUG_INFO = INCLUDE_SOURCE;
				MTL_FAST_MATH = YES;
				ONLY_ACTIVE_ARCH = YES;
				SDKROOT = iphoneos;
				SWIFT_ACTIVE_COMPILATION_CONDITIONS = DEBUG;
				SWIFT_OPTIMIZATION_LEVEL = "-Onone";
			};
			name = Debug;
		};
		F7336C8E257493FA00C05848 /* Release */ = {
			isa = XCBuildConfiguration;
			buildSettings = {
				ALWAYS_SEARCH_USER_PATHS = NO;
				CLANG_ANALYZER_NONNULL = YES;
				CLANG_ANALYZER_NUMBER_OBJECT_CONVERSION = YES_AGGRESSIVE;
				CLANG_CXX_LANGUAGE_STANDARD = "gnu++14";
				CLANG_CXX_LIBRARY = "libc++";
				CLANG_ENABLE_MODULES = YES;
				CLANG_ENABLE_OBJC_ARC = YES;
				CLANG_ENABLE_OBJC_WEAK = YES;
				CLANG_WARN_BLOCK_CAPTURE_AUTORELEASING = YES;
				CLANG_WARN_BOOL_CONVERSION = YES;
				CLANG_WARN_COMMA = YES;
				CLANG_WARN_CONSTANT_CONVERSION = YES;
				CLANG_WARN_DEPRECATED_OBJC_IMPLEMENTATIONS = YES;
				CLANG_WARN_DIRECT_OBJC_ISA_USAGE = YES_ERROR;
				CLANG_WARN_DOCUMENTATION_COMMENTS = YES;
				CLANG_WARN_EMPTY_BODY = YES;
				CLANG_WARN_ENUM_CONVERSION = YES;
				CLANG_WARN_INFINITE_RECURSION = YES;
				CLANG_WARN_INT_CONVERSION = YES;
				CLANG_WARN_NON_LITERAL_NULL_CONVERSION = YES;
				CLANG_WARN_OBJC_IMPLICIT_RETAIN_SELF = YES;
				CLANG_WARN_OBJC_LITERAL_CONVERSION = YES;
				CLANG_WARN_OBJC_ROOT_CLASS = YES_ERROR;
				CLANG_WARN_QUOTED_INCLUDE_IN_FRAMEWORK_HEADER = YES;
				CLANG_WARN_RANGE_LOOP_ANALYSIS = YES;
				CLANG_WARN_STRICT_PROTOTYPES = YES;
				CLANG_WARN_SUSPICIOUS_MOVE = YES;
				CLANG_WARN_UNGUARDED_AVAILABILITY = YES_AGGRESSIVE;
				CLANG_WARN_UNREACHABLE_CODE = YES;
				CLANG_WARN__DUPLICATE_METHOD_MATCH = YES;
				COPY_PHASE_STRIP = NO;
				DEBUG_INFORMATION_FORMAT = "dwarf-with-dsym";
				ENABLE_NS_ASSERTIONS = NO;
				ENABLE_STRICT_OBJC_MSGSEND = YES;
				GCC_C_LANGUAGE_STANDARD = gnu11;
				GCC_NO_COMMON_BLOCKS = YES;
				GCC_WARN_64_TO_32_BIT_CONVERSION = YES;
				GCC_WARN_ABOUT_RETURN_TYPE = YES_ERROR;
				GCC_WARN_UNDECLARED_SELECTOR = YES;
				GCC_WARN_UNINITIALIZED_AUTOS = YES_AGGRESSIVE;
				GCC_WARN_UNUSED_FUNCTION = YES;
				GCC_WARN_UNUSED_VARIABLE = YES;
				IPHONEOS_DEPLOYMENT_TARGET = 14.2;
				MTL_ENABLE_DEBUG_INFO = NO;
				MTL_FAST_MATH = YES;
				SDKROOT = iphoneos;
				SWIFT_COMPILATION_MODE = wholemodule;
				SWIFT_OPTIMIZATION_LEVEL = "-O";
				VALIDATE_PRODUCT = YES;
			};
			name = Release;
		};
		F7336C90257493FA00C05848 /* Debug */ = {
			isa = XCBuildConfiguration;
			buildSettings = {
				ASSETCATALOG_COMPILER_APPICON_NAME = AppIcon;
				ASSETCATALOG_COMPILER_GLOBAL_ACCENT_COLOR_NAME = AccentColor;
				CODE_SIGN_STYLE = Automatic;
				DEVELOPMENT_TEAM = SA29F4NK83;
				INFOPLIST_FILE = GamePouch_v2/Info.plist;
				LD_RUNPATH_SEARCH_PATHS = (
					"$(inherited)",
					"@executable_path/Frameworks",
				);
				PRODUCT_BUNDLE_IDENTIFIER = "com.jlee.GamePouch-v2";
				PRODUCT_NAME = "$(TARGET_NAME)";
				SWIFT_VERSION = 5.0;
				TARGETED_DEVICE_FAMILY = "1,2";
			};
			name = Debug;
		};
		F7336C91257493FA00C05848 /* Release */ = {
			isa = XCBuildConfiguration;
			buildSettings = {
				ASSETCATALOG_COMPILER_APPICON_NAME = AppIcon;
				ASSETCATALOG_COMPILER_GLOBAL_ACCENT_COLOR_NAME = AccentColor;
				CODE_SIGN_STYLE = Automatic;
				DEVELOPMENT_TEAM = SA29F4NK83;
				INFOPLIST_FILE = GamePouch_v2/Info.plist;
				LD_RUNPATH_SEARCH_PATHS = (
					"$(inherited)",
					"@executable_path/Frameworks",
				);
				PRODUCT_BUNDLE_IDENTIFIER = "com.jlee.GamePouch-v2";
				PRODUCT_NAME = "$(TARGET_NAME)";
				SWIFT_VERSION = 5.0;
				TARGETED_DEVICE_FAMILY = "1,2";
			};
			name = Release;
		};
		F7336C93257493FA00C05848 /* Debug */ = {
			isa = XCBuildConfiguration;
			buildSettings = {
				ALWAYS_EMBED_SWIFT_STANDARD_LIBRARIES = YES;
				BUNDLE_LOADER = "$(TEST_HOST)";
				CODE_SIGN_STYLE = Automatic;
				DEVELOPMENT_TEAM = SA29F4NK83;
				INFOPLIST_FILE = GamePouch_v2Tests/Info.plist;
				IPHONEOS_DEPLOYMENT_TARGET = 14.2;
				LD_RUNPATH_SEARCH_PATHS = (
					"$(inherited)",
					"@executable_path/Frameworks",
					"@loader_path/Frameworks",
				);
				PRODUCT_BUNDLE_IDENTIFIER = "com.jlee.GamePouch-v2Tests";
				PRODUCT_NAME = "$(TARGET_NAME)";
				SWIFT_VERSION = 5.0;
				TARGETED_DEVICE_FAMILY = "1,2";
				TEST_HOST = "$(BUILT_PRODUCTS_DIR)/GamePouch_v2.app/GamePouch_v2";
			};
			name = Debug;
		};
		F7336C94257493FA00C05848 /* Release */ = {
			isa = XCBuildConfiguration;
			buildSettings = {
				ALWAYS_EMBED_SWIFT_STANDARD_LIBRARIES = YES;
				BUNDLE_LOADER = "$(TEST_HOST)";
				CODE_SIGN_STYLE = Automatic;
				DEVELOPMENT_TEAM = SA29F4NK83;
				INFOPLIST_FILE = GamePouch_v2Tests/Info.plist;
				IPHONEOS_DEPLOYMENT_TARGET = 14.2;
				LD_RUNPATH_SEARCH_PATHS = (
					"$(inherited)",
					"@executable_path/Frameworks",
					"@loader_path/Frameworks",
				);
				PRODUCT_BUNDLE_IDENTIFIER = "com.jlee.GamePouch-v2Tests";
				PRODUCT_NAME = "$(TARGET_NAME)";
				SWIFT_VERSION = 5.0;
				TARGETED_DEVICE_FAMILY = "1,2";
				TEST_HOST = "$(BUILT_PRODUCTS_DIR)/GamePouch_v2.app/GamePouch_v2";
			};
			name = Release;
		};
		F7336C96257493FA00C05848 /* Debug */ = {
			isa = XCBuildConfiguration;
			buildSettings = {
				ALWAYS_EMBED_SWIFT_STANDARD_LIBRARIES = YES;
				CODE_SIGN_STYLE = Automatic;
				DEVELOPMENT_TEAM = SA29F4NK83;
				INFOPLIST_FILE = GamePouch_v2UITests/Info.plist;
				LD_RUNPATH_SEARCH_PATHS = (
					"$(inherited)",
					"@executable_path/Frameworks",
					"@loader_path/Frameworks",
				);
				PRODUCT_BUNDLE_IDENTIFIER = "com.jlee.GamePouch-v2UITests";
				PRODUCT_NAME = "$(TARGET_NAME)";
				SWIFT_VERSION = 5.0;
				TARGETED_DEVICE_FAMILY = "1,2";
				TEST_TARGET_NAME = GamePouch_v2;
			};
			name = Debug;
		};
		F7336C97257493FA00C05848 /* Release */ = {
			isa = XCBuildConfiguration;
			buildSettings = {
				ALWAYS_EMBED_SWIFT_STANDARD_LIBRARIES = YES;
				CODE_SIGN_STYLE = Automatic;
				DEVELOPMENT_TEAM = SA29F4NK83;
				INFOPLIST_FILE = GamePouch_v2UITests/Info.plist;
				LD_RUNPATH_SEARCH_PATHS = (
					"$(inherited)",
					"@executable_path/Frameworks",
					"@loader_path/Frameworks",
				);
				PRODUCT_BUNDLE_IDENTIFIER = "com.jlee.GamePouch-v2UITests";
				PRODUCT_NAME = "$(TARGET_NAME)";
				SWIFT_VERSION = 5.0;
				TARGETED_DEVICE_FAMILY = "1,2";
				TEST_TARGET_NAME = GamePouch_v2;
			};
			name = Release;
		};
/* End XCBuildConfiguration section */

/* Begin XCConfigurationList section */
		F7336C5D257493F700C05848 /* Build configuration list for PBXProject "GamePouch_v2" */ = {
			isa = XCConfigurationList;
			buildConfigurations = (
				F7336C8D257493FA00C05848 /* Debug */,
				F7336C8E257493FA00C05848 /* Release */,
			);
			defaultConfigurationIsVisible = 0;
			defaultConfigurationName = Release;
		};
		F7336C8F257493FA00C05848 /* Build configuration list for PBXNativeTarget "GamePouch_v2" */ = {
			isa = XCConfigurationList;
			buildConfigurations = (
				F7336C90257493FA00C05848 /* Debug */,
				F7336C91257493FA00C05848 /* Release */,
			);
			defaultConfigurationIsVisible = 0;
			defaultConfigurationName = Release;
		};
		F7336C92257493FA00C05848 /* Build configuration list for PBXNativeTarget "GamePouch_v2Tests" */ = {
			isa = XCConfigurationList;
			buildConfigurations = (
				F7336C93257493FA00C05848 /* Debug */,
				F7336C94257493FA00C05848 /* Release */,
			);
			defaultConfigurationIsVisible = 0;
			defaultConfigurationName = Release;
		};
		F7336C95257493FA00C05848 /* Build configuration list for PBXNativeTarget "GamePouch_v2UITests" */ = {
			isa = XCConfigurationList;
			buildConfigurations = (
				F7336C96257493FA00C05848 /* Debug */,
				F7336C97257493FA00C05848 /* Release */,
			);
			defaultConfigurationIsVisible = 0;
			defaultConfigurationName = Release;
		};
/* End XCConfigurationList section */

/* Begin XCVersionGroup section */
		F7336C6E257493F800C05848 /* GamePouch_v2.xcdatamodeld */ = {
			isa = XCVersionGroup;
			children = (
				F7336C6F257493F800C05848 /* GamePouch_v2.xcdatamodel */,
			);
			currentVersion = F7336C6F257493F800C05848 /* GamePouch_v2.xcdatamodel */;
			path = GamePouch_v2.xcdatamodeld;
			sourceTree = "<group>";
			versionGroupType = wrapper.xcdatamodel;
		};
/* End XCVersionGroup section */
	};
	rootObject = F7336C5A257493F700C05848 /* Project object */;
}
