// !$*UTF8*$!
{
	archiveVersion = 1;
	classes = {
	};
	objectVersion = 51;
	objects = {

/* Begin PBXBuildFile section */
		2B14E49F8AF9202CAFC175F7 /* Pods_GamePouch_v2Tests.framework in Frameworks */ = {isa = PBXBuildFile; fileRef = B41456FD587790666F5E49CA /* Pods_GamePouch_v2Tests.framework */; };
		4E098EF64B52393FB3777991 /* Pods_GamePouch_v2.framework in Frameworks */ = {isa = PBXBuildFile; fileRef = 144664B7CDF90B6AF2F135AB /* Pods_GamePouch_v2.framework */; };
		B802298D66DA4FBBF4E1B8CD /* Pods_GamePouch_v2_GamePouch_v2UITests.framework in Frameworks */ = {isa = PBXBuildFile; fileRef = C0B044DB30734DA457D51156 /* Pods_GamePouch_v2_GamePouch_v2UITests.framework */; };
		F7013D9225A176FB000E2528 /* SearchViewController.swift in Sources */ = {isa = PBXBuildFile; fileRef = F7013D9125A176FB000E2528 /* SearchViewController.swift */; };
		F71571BE25CAAED500A88FE6 /* Int+Ext.swift in Sources */ = {isa = PBXBuildFile; fileRef = F71571BD25CAAED500A88FE6 /* Int+Ext.swift */; };
		F716816325C4110C00B75B60 /* IconGroupView.swift in Sources */ = {isa = PBXBuildFile; fileRef = F716816225C4110C00B75B60 /* IconGroupView.swift */; };
		F7336C66257493F700C05848 /* AppDelegate.swift in Sources */ = {isa = PBXBuildFile; fileRef = F7336C65257493F700C05848 /* AppDelegate.swift */; };
		F7336C68257493F700C05848 /* SceneDelegate.swift in Sources */ = {isa = PBXBuildFile; fileRef = F7336C67257493F700C05848 /* SceneDelegate.swift */; };
		F7336C6A257493F800C05848 /* HotGamesViewController.swift in Sources */ = {isa = PBXBuildFile; fileRef = F7336C69257493F700C05848 /* HotGamesViewController.swift */; };
		F7336C70257493F800C05848 /* GamePouch_v2.xcdatamodeld in Sources */ = {isa = PBXBuildFile; fileRef = F7336C6E257493F800C05848 /* GamePouch_v2.xcdatamodeld */; };
		F7336C72257493F900C05848 /* Assets.xcassets in Resources */ = {isa = PBXBuildFile; fileRef = F7336C71257493F900C05848 /* Assets.xcassets */; };
		F7336C75257493F900C05848 /* LaunchScreen.storyboard in Resources */ = {isa = PBXBuildFile; fileRef = F7336C73257493F900C05848 /* LaunchScreen.storyboard */; };
		F7336C80257493FA00C05848 /* GamePouch_v2Tests.swift in Sources */ = {isa = PBXBuildFile; fileRef = F7336C7F257493FA00C05848 /* GamePouch_v2Tests.swift */; };
		F7336C8B257493FA00C05848 /* GamePouch_v2UITests.swift in Sources */ = {isa = PBXBuildFile; fileRef = F7336C8A257493FA00C05848 /* GamePouch_v2UITests.swift */; };
		F7336CA32576033A00C05848 /* TabBarController.swift in Sources */ = {isa = PBXBuildFile; fileRef = F7336CA22576033A00C05848 /* TabBarController.swift */; };
		F7336CC5257721EF00C05848 /* NetworkManager.swift in Sources */ = {isa = PBXBuildFile; fileRef = F7336CC4257721EF00C05848 /* NetworkManager.swift */; };
		F7336CCE257724E800C05848 /* GPError.swift in Sources */ = {isa = PBXBuildFile; fileRef = F7336CCD257724E800C05848 /* GPError.swift */; };
		F7336CD42577340100C05848 /* Game.swift in Sources */ = {isa = PBXBuildFile; fileRef = F7336CD32577340100C05848 /* Game.swift */; };
		F734756725905FDF00308880 /* TagCell.swift in Sources */ = {isa = PBXBuildFile; fileRef = F734756625905FDF00308880 /* TagCell.swift */; };
		F734756F2591C39300308880 /* TagCollectionView.swift in Sources */ = {isa = PBXBuildFile; fileRef = F734756E2591C39300308880 /* TagCollectionView.swift */; };
		F73475772591C89800308880 /* TagCollectionViewFlowLayout.swift in Sources */ = {isa = PBXBuildFile; fileRef = F73475762591C89800308880 /* TagCollectionViewFlowLayout.swift */; };
		F736EDCF25AEC6D300D40A42 /* FavoritesTableViewController.swift in Sources */ = {isa = PBXBuildFile; fileRef = F736EDCE25AEC6D300D40A42 /* FavoritesTableViewController.swift */; };
		F736EDD425AECA5E00D40A42 /* FavoriteCell.swift in Sources */ = {isa = PBXBuildFile; fileRef = F736EDD325AECA5E00D40A42 /* FavoriteCell.swift */; };
		F75E5BEF257B155800611A40 /* GameInfoParser.swift in Sources */ = {isa = PBXBuildFile; fileRef = F75E5BEE257B155800611A40 /* GameInfoParser.swift */; };
		F7707A5B25A712230076419A /* RecentSearchTableController.swift in Sources */ = {isa = PBXBuildFile; fileRef = F7707A5A25A712230076419A /* RecentSearchTableController.swift */; };
		F771543D25785A7900FB1508 /* HotnessListParser.swift in Sources */ = {isa = PBXBuildFile; fileRef = F771543C25785A7900FB1508 /* HotnessListParser.swift */; };
		F777D9DD25887CA900859D64 /* SecondaryAttributesIconGroup.swift in Sources */ = {isa = PBXBuildFile; fileRef = F777D9DC25887CA900859D64 /* SecondaryAttributesIconGroup.swift */; };
		F779E7F72585D82B00AC829D /* MainAttributesIconGroup.swift in Sources */ = {isa = PBXBuildFile; fileRef = F779E7F62585D82B00AC829D /* MainAttributesIconGroup.swift */; };
		F77A469125C0F8820036E6F1 /* UIColor+Ext.swift in Sources */ = {isa = PBXBuildFile; fileRef = F77A469025C0F8820036E6F1 /* UIColor+Ext.swift */; };
		F78C8D8125A30BBF00A3DBE0 /* SearchParser.swift in Sources */ = {isa = PBXBuildFile; fileRef = F78C8D8025A30BBF00A3DBE0 /* SearchParser.swift */; };
		F78C8D8625A3121E00A3DBE0 /* SearchResult.swift in Sources */ = {isa = PBXBuildFile; fileRef = F78C8D8525A3121E00A3DBE0 /* SearchResult.swift */; };
		F78C8D8F25A325D500A3DBE0 /* SearchResultsTableController.swift in Sources */ = {isa = PBXBuildFile; fileRef = F78C8D8E25A325D500A3DBE0 /* SearchResultsTableController.swift */; };
		F78C8D9F25A326EE00A3DBE0 /* SearchResultCell.swift in Sources */ = {isa = PBXBuildFile; fileRef = F78C8D9E25A326EE00A3DBE0 /* SearchResultCell.swift */; };
		F78C8DAD25A5D0FA00A3DBE0 /* Debouncer.swift in Sources */ = {isa = PBXBuildFile; fileRef = F78C8DAC25A5D0FA00A3DBE0 /* Debouncer.swift */; };
		F7A3A283259572FD00544BFF /* GalleryImages.swift in Sources */ = {isa = PBXBuildFile; fileRef = F7A3A282259572FD00544BFF /* GalleryImages.swift */; };
		F7AF6B05259ABD9400BBE0CB /* TagViewController.swift in Sources */ = {isa = PBXBuildFile; fileRef = F7AF6B04259ABD9400BBE0CB /* TagViewController.swift */; };
		F7B47E0125B93E6C003597B4 /* FavoriteButton.swift in Sources */ = {isa = PBXBuildFile; fileRef = F7B47E0025B93E6C003597B4 /* FavoriteButton.swift */; };
		F7B9A7842579E9AF00E06A0F /* HotGameCell.swift in Sources */ = {isa = PBXBuildFile; fileRef = F7B9A7832579E9AF00E06A0F /* HotGameCell.swift */; };
		F7C11AB7259454C200A53778 /* ImageCell.swift in Sources */ = {isa = PBXBuildFile; fileRef = F7C11AB6259454C200A53778 /* ImageCell.swift */; };
		F7D4C96E259F36BB006E3157 /* GalleryImagesViewController.swift in Sources */ = {isa = PBXBuildFile; fileRef = F7D4C96D259F36BB006E3157 /* GalleryImagesViewController.swift */; };
		F7D8C74925837B8700237071 /* GameImageView.swift in Sources */ = {isa = PBXBuildFile; fileRef = F7D8C74825837B8700237071 /* GameImageView.swift */; };
		F7D8C74E25837C2F00237071 /* Constants.swift in Sources */ = {isa = PBXBuildFile; fileRef = F7D8C74D25837C2F00237071 /* Constants.swift */; };
		F7D8C757258472BD00237071 /* TitleLabel.swift in Sources */ = {isa = PBXBuildFile; fileRef = F7D8C756258472BD00237071 /* TitleLabel.swift */; };
		F7EC6268258CC14900FD536A /* GameInfoViewController.swift in Sources */ = {isa = PBXBuildFile; fileRef = F7EC6267258CC14900FD536A /* GameInfoViewController.swift */; };
		F7EC6278258E136400FD536A /* GameInfoIconGroupView.swift in Sources */ = {isa = PBXBuildFile; fileRef = F7EC6277258E136400FD536A /* GameInfoIconGroupView.swift */; };
		F7ECBF7E25B3E15A00E40569 /* PersistenceManager.swift in Sources */ = {isa = PBXBuildFile; fileRef = F7ECBF7D25B3E15A00E40569 /* PersistenceManager.swift */; };
/* End PBXBuildFile section */

/* Begin PBXContainerItemProxy section */
		F7336C7C257493F900C05848 /* PBXContainerItemProxy */ = {
			isa = PBXContainerItemProxy;
			containerPortal = F7336C5A257493F700C05848 /* Project object */;
			proxyType = 1;
			remoteGlobalIDString = F7336C61257493F700C05848;
			remoteInfo = GamePouch_v2;
		};
		F7336C87257493FA00C05848 /* PBXContainerItemProxy */ = {
			isa = PBXContainerItemProxy;
			containerPortal = F7336C5A257493F700C05848 /* Project object */;
			proxyType = 1;
			remoteGlobalIDString = F7336C61257493F700C05848;
			remoteInfo = GamePouch_v2;
		};
/* End PBXContainerItemProxy section */

/* Begin PBXFileReference section */
		144664B7CDF90B6AF2F135AB /* Pods_GamePouch_v2.framework */ = {isa = PBXFileReference; explicitFileType = wrapper.framework; includeInIndex = 0; path = Pods_GamePouch_v2.framework; sourceTree = BUILT_PRODUCTS_DIR; };
		2E216A550B1210C284C1A4B8 /* Pods-GamePouch_v2.debug.xcconfig */ = {isa = PBXFileReference; includeInIndex = 1; lastKnownFileType = text.xcconfig; name = "Pods-GamePouch_v2.debug.xcconfig"; path = "Target Support Files/Pods-GamePouch_v2/Pods-GamePouch_v2.debug.xcconfig"; sourceTree = "<group>"; };
		32CADB4DC847987E29F294EE /* Pods-GamePouch_v2Tests.release.xcconfig */ = {isa = PBXFileReference; includeInIndex = 1; lastKnownFileType = text.xcconfig; name = "Pods-GamePouch_v2Tests.release.xcconfig"; path = "Target Support Files/Pods-GamePouch_v2Tests/Pods-GamePouch_v2Tests.release.xcconfig"; sourceTree = "<group>"; };
		B41456FD587790666F5E49CA /* Pods_GamePouch_v2Tests.framework */ = {isa = PBXFileReference; explicitFileType = wrapper.framework; includeInIndex = 0; path = Pods_GamePouch_v2Tests.framework; sourceTree = BUILT_PRODUCTS_DIR; };
		C0B044DB30734DA457D51156 /* Pods_GamePouch_v2_GamePouch_v2UITests.framework */ = {isa = PBXFileReference; explicitFileType = wrapper.framework; includeInIndex = 0; path = Pods_GamePouch_v2_GamePouch_v2UITests.framework; sourceTree = BUILT_PRODUCTS_DIR; };
		C1ED9A0C5E2540F5B70DBFAB /* Pods-GamePouch_v2-GamePouch_v2UITests.debug.xcconfig */ = {isa = PBXFileReference; includeInIndex = 1; lastKnownFileType = text.xcconfig; name = "Pods-GamePouch_v2-GamePouch_v2UITests.debug.xcconfig"; path = "Target Support Files/Pods-GamePouch_v2-GamePouch_v2UITests/Pods-GamePouch_v2-GamePouch_v2UITests.debug.xcconfig"; sourceTree = "<group>"; };
		C3E5C17BC04C710C37B2D7DC /* Pods-GamePouch_v2.release.xcconfig */ = {isa = PBXFileReference; includeInIndex = 1; lastKnownFileType = text.xcconfig; name = "Pods-GamePouch_v2.release.xcconfig"; path = "Target Support Files/Pods-GamePouch_v2/Pods-GamePouch_v2.release.xcconfig"; sourceTree = "<group>"; };
		F7013D9125A176FB000E2528 /* SearchViewController.swift */ = {isa = PBXFileReference; lastKnownFileType = sourcecode.swift; path = SearchViewController.swift; sourceTree = "<group>"; };
		F71571BD25CAAED500A88FE6 /* Int+Ext.swift */ = {isa = PBXFileReference; lastKnownFileType = sourcecode.swift; path = "Int+Ext.swift"; sourceTree = "<group>"; };
		F716816225C4110C00B75B60 /* IconGroupView.swift */ = {isa = PBXFileReference; lastKnownFileType = sourcecode.swift; path = IconGroupView.swift; sourceTree = "<group>"; };
		F7336C62257493F700C05848 /* GamePouch_v2.app */ = {isa = PBXFileReference; explicitFileType = wrapper.application; includeInIndex = 0; path = GamePouch_v2.app; sourceTree = BUILT_PRODUCTS_DIR; };
		F7336C65257493F700C05848 /* AppDelegate.swift */ = {isa = PBXFileReference; lastKnownFileType = sourcecode.swift; path = AppDelegate.swift; sourceTree = "<group>"; };
		F7336C67257493F700C05848 /* SceneDelegate.swift */ = {isa = PBXFileReference; lastKnownFileType = sourcecode.swift; path = SceneDelegate.swift; sourceTree = "<group>"; };
		F7336C69257493F700C05848 /* HotGamesViewController.swift */ = {isa = PBXFileReference; lastKnownFileType = sourcecode.swift; path = HotGamesViewController.swift; sourceTree = "<group>"; };
		F7336C6F257493F800C05848 /* GamePouch_v2.xcdatamodel */ = {isa = PBXFileReference; lastKnownFileType = wrapper.xcdatamodel; path = GamePouch_v2.xcdatamodel; sourceTree = "<group>"; };
		F7336C71257493F900C05848 /* Assets.xcassets */ = {isa = PBXFileReference; lastKnownFileType = folder.assetcatalog; path = Assets.xcassets; sourceTree = "<group>"; };
		F7336C74257493F900C05848 /* Base */ = {isa = PBXFileReference; lastKnownFileType = file.storyboard; name = Base; path = Base.lproj/LaunchScreen.storyboard; sourceTree = "<group>"; };
		F7336C76257493F900C05848 /* Info.plist */ = {isa = PBXFileReference; lastKnownFileType = text.plist.xml; path = Info.plist; sourceTree = "<group>"; };
		F7336C7B257493F900C05848 /* GamePouch_v2Tests.xctest */ = {isa = PBXFileReference; explicitFileType = wrapper.cfbundle; includeInIndex = 0; path = GamePouch_v2Tests.xctest; sourceTree = BUILT_PRODUCTS_DIR; };
		F7336C7F257493FA00C05848 /* GamePouch_v2Tests.swift */ = {isa = PBXFileReference; lastKnownFileType = sourcecode.swift; path = GamePouch_v2Tests.swift; sourceTree = "<group>"; };
		F7336C81257493FA00C05848 /* Info.plist */ = {isa = PBXFileReference; lastKnownFileType = text.plist.xml; path = Info.plist; sourceTree = "<group>"; };
		F7336C86257493FA00C05848 /* GamePouch_v2UITests.xctest */ = {isa = PBXFileReference; explicitFileType = wrapper.cfbundle; includeInIndex = 0; path = GamePouch_v2UITests.xctest; sourceTree = BUILT_PRODUCTS_DIR; };
		F7336C8A257493FA00C05848 /* GamePouch_v2UITests.swift */ = {isa = PBXFileReference; lastKnownFileType = sourcecode.swift; path = GamePouch_v2UITests.swift; sourceTree = "<group>"; };
		F7336C8C257493FA00C05848 /* Info.plist */ = {isa = PBXFileReference; lastKnownFileType = text.plist.xml; path = Info.plist; sourceTree = "<group>"; };
		F7336CA22576033A00C05848 /* TabBarController.swift */ = {isa = PBXFileReference; lastKnownFileType = sourcecode.swift; path = TabBarController.swift; sourceTree = "<group>"; };
		F7336CC4257721EF00C05848 /* NetworkManager.swift */ = {isa = PBXFileReference; lastKnownFileType = sourcecode.swift; path = NetworkManager.swift; sourceTree = "<group>"; };
		F7336CCD257724E800C05848 /* GPError.swift */ = {isa = PBXFileReference; lastKnownFileType = sourcecode.swift; path = GPError.swift; sourceTree = "<group>"; };
		F7336CD32577340100C05848 /* Game.swift */ = {isa = PBXFileReference; lastKnownFileType = sourcecode.swift; path = Game.swift; sourceTree = "<group>"; };
		F734756625905FDF00308880 /* TagCell.swift */ = {isa = PBXFileReference; lastKnownFileType = sourcecode.swift; path = TagCell.swift; sourceTree = "<group>"; };
		F734756E2591C39300308880 /* TagCollectionView.swift */ = {isa = PBXFileReference; lastKnownFileType = sourcecode.swift; path = TagCollectionView.swift; sourceTree = "<group>"; };
		F73475762591C89800308880 /* TagCollectionViewFlowLayout.swift */ = {isa = PBXFileReference; lastKnownFileType = sourcecode.swift; path = TagCollectionViewFlowLayout.swift; sourceTree = "<group>"; };
		F736EDCE25AEC6D300D40A42 /* FavoritesTableViewController.swift */ = {isa = PBXFileReference; lastKnownFileType = sourcecode.swift; path = FavoritesTableViewController.swift; sourceTree = "<group>"; };
		F736EDD325AECA5E00D40A42 /* FavoriteCell.swift */ = {isa = PBXFileReference; lastKnownFileType = sourcecode.swift; path = FavoriteCell.swift; sourceTree = "<group>"; };
		F75E5BEE257B155800611A40 /* GameInfoParser.swift */ = {isa = PBXFileReference; lastKnownFileType = sourcecode.swift; path = GameInfoParser.swift; sourceTree = "<group>"; };
		F7707A5A25A712230076419A /* RecentSearchTableController.swift */ = {isa = PBXFileReference; lastKnownFileType = sourcecode.swift; path = RecentSearchTableController.swift; sourceTree = "<group>"; };
		F771543C25785A7900FB1508 /* HotnessListParser.swift */ = {isa = PBXFileReference; lastKnownFileType = sourcecode.swift; path = HotnessListParser.swift; sourceTree = "<group>"; };
		F777D9DC25887CA900859D64 /* SecondaryAttributesIconGroup.swift */ = {isa = PBXFileReference; lastKnownFileType = sourcecode.swift; path = SecondaryAttributesIconGroup.swift; sourceTree = "<group>"; };
		F779E7F62585D82B00AC829D /* MainAttributesIconGroup.swift */ = {isa = PBXFileReference; lastKnownFileType = sourcecode.swift; path = MainAttributesIconGroup.swift; sourceTree = "<group>"; };
		F77A469025C0F8820036E6F1 /* UIColor+Ext.swift */ = {isa = PBXFileReference; lastKnownFileType = sourcecode.swift; path = "UIColor+Ext.swift"; sourceTree = "<group>"; };
		F78C8D8025A30BBF00A3DBE0 /* SearchParser.swift */ = {isa = PBXFileReference; lastKnownFileType = sourcecode.swift; path = SearchParser.swift; sourceTree = "<group>"; };
		F78C8D8525A3121E00A3DBE0 /* SearchResult.swift */ = {isa = PBXFileReference; lastKnownFileType = sourcecode.swift; path = SearchResult.swift; sourceTree = "<group>"; };
		F78C8D8E25A325D500A3DBE0 /* SearchResultsTableController.swift */ = {isa = PBXFileReference; lastKnownFileType = sourcecode.swift; path = SearchResultsTableController.swift; sourceTree = "<group>"; };
		F78C8D9E25A326EE00A3DBE0 /* SearchResultCell.swift */ = {isa = PBXFileReference; lastKnownFileType = sourcecode.swift; path = SearchResultCell.swift; sourceTree = "<group>"; };
		F78C8DAC25A5D0FA00A3DBE0 /* Debouncer.swift */ = {isa = PBXFileReference; lastKnownFileType = sourcecode.swift; path = Debouncer.swift; sourceTree = "<group>"; };
		F7A3A282259572FD00544BFF /* GalleryImages.swift */ = {isa = PBXFileReference; lastKnownFileType = sourcecode.swift; path = GalleryImages.swift; sourceTree = "<group>"; };
		F7AF6B04259ABD9400BBE0CB /* TagViewController.swift */ = {isa = PBXFileReference; lastKnownFileType = sourcecode.swift; path = TagViewController.swift; sourceTree = "<group>"; };
		F7B47E0025B93E6C003597B4 /* FavoriteButton.swift */ = {isa = PBXFileReference; lastKnownFileType = sourcecode.swift; path = FavoriteButton.swift; sourceTree = "<group>"; };
		F7B9A7832579E9AF00E06A0F /* HotGameCell.swift */ = {isa = PBXFileReference; lastKnownFileType = sourcecode.swift; path = HotGameCell.swift; sourceTree = "<group>"; };
		F7C11AB6259454C200A53778 /* ImageCell.swift */ = {isa = PBXFileReference; lastKnownFileType = sourcecode.swift; path = ImageCell.swift; sourceTree = "<group>"; };
		F7D4C96D259F36BB006E3157 /* GalleryImagesViewController.swift */ = {isa = PBXFileReference; lastKnownFileType = sourcecode.swift; path = GalleryImagesViewController.swift; sourceTree = "<group>"; };
		F7D8C74825837B8700237071 /* GameImageView.swift */ = {isa = PBXFileReference; lastKnownFileType = sourcecode.swift; path = GameImageView.swift; sourceTree = "<group>"; };
		F7D8C74D25837C2F00237071 /* Constants.swift */ = {isa = PBXFileReference; lastKnownFileType = sourcecode.swift; path = Constants.swift; sourceTree = "<group>"; };
		F7D8C756258472BD00237071 /* TitleLabel.swift */ = {isa = PBXFileReference; lastKnownFileType = sourcecode.swift; path = TitleLabel.swift; sourceTree = "<group>"; };
		F7EC6267258CC14900FD536A /* GameInfoViewController.swift */ = {isa = PBXFileReference; lastKnownFileType = sourcecode.swift; path = GameInfoViewController.swift; sourceTree = "<group>"; };
		F7EC6277258E136400FD536A /* GameInfoIconGroupView.swift */ = {isa = PBXFileReference; lastKnownFileType = sourcecode.swift; path = GameInfoIconGroupView.swift; sourceTree = "<group>"; };
		F7ECBF7D25B3E15A00E40569 /* PersistenceManager.swift */ = {isa = PBXFileReference; lastKnownFileType = sourcecode.swift; path = PersistenceManager.swift; sourceTree = "<group>"; };
		F89B3CFA59EAEC376D890633 /* Pods-GamePouch_v2-GamePouch_v2UITests.release.xcconfig */ = {isa = PBXFileReference; includeInIndex = 1; lastKnownFileType = text.xcconfig; name = "Pods-GamePouch_v2-GamePouch_v2UITests.release.xcconfig"; path = "Target Support Files/Pods-GamePouch_v2-GamePouch_v2UITests/Pods-GamePouch_v2-GamePouch_v2UITests.release.xcconfig"; sourceTree = "<group>"; };
		FCDB4E9CCBCC12957ACC4F30 /* Pods-GamePouch_v2Tests.debug.xcconfig */ = {isa = PBXFileReference; includeInIndex = 1; lastKnownFileType = text.xcconfig; name = "Pods-GamePouch_v2Tests.debug.xcconfig"; path = "Target Support Files/Pods-GamePouch_v2Tests/Pods-GamePouch_v2Tests.debug.xcconfig"; sourceTree = "<group>"; };
/* End PBXFileReference section */

/* Begin PBXFrameworksBuildPhase section */
		F7336C5F257493F700C05848 /* Frameworks */ = {
			isa = PBXFrameworksBuildPhase;
			buildActionMask = 2147483647;
			files = (
				4E098EF64B52393FB3777991 /* Pods_GamePouch_v2.framework in Frameworks */,
			);
			runOnlyForDeploymentPostprocessing = 0;
		};
		F7336C78257493F900C05848 /* Frameworks */ = {
			isa = PBXFrameworksBuildPhase;
			buildActionMask = 2147483647;
			files = (
				2B14E49F8AF9202CAFC175F7 /* Pods_GamePouch_v2Tests.framework in Frameworks */,
			);
			runOnlyForDeploymentPostprocessing = 0;
		};
		F7336C83257493FA00C05848 /* Frameworks */ = {
			isa = PBXFrameworksBuildPhase;
			buildActionMask = 2147483647;
			files = (
				B802298D66DA4FBBF4E1B8CD /* Pods_GamePouch_v2_GamePouch_v2UITests.framework in Frameworks */,
			);
			runOnlyForDeploymentPostprocessing = 0;
		};
/* End PBXFrameworksBuildPhase section */

/* Begin PBXGroup section */
		12C5068F0E5162710EC047CC /* Frameworks */ = {
			isa = PBXGroup;
			children = (
				144664B7CDF90B6AF2F135AB /* Pods_GamePouch_v2.framework */,
				C0B044DB30734DA457D51156 /* Pods_GamePouch_v2_GamePouch_v2UITests.framework */,
				B41456FD587790666F5E49CA /* Pods_GamePouch_v2Tests.framework */,
			);
			name = Frameworks;
			sourceTree = "<group>";
		};
		A7171909E238823F32187ED9 /* Pods */ = {
			isa = PBXGroup;
			children = (
				2E216A550B1210C284C1A4B8 /* Pods-GamePouch_v2.debug.xcconfig */,
				C3E5C17BC04C710C37B2D7DC /* Pods-GamePouch_v2.release.xcconfig */,
				C1ED9A0C5E2540F5B70DBFAB /* Pods-GamePouch_v2-GamePouch_v2UITests.debug.xcconfig */,
				F89B3CFA59EAEC376D890633 /* Pods-GamePouch_v2-GamePouch_v2UITests.release.xcconfig */,
				FCDB4E9CCBCC12957ACC4F30 /* Pods-GamePouch_v2Tests.debug.xcconfig */,
				32CADB4DC847987E29F294EE /* Pods-GamePouch_v2Tests.release.xcconfig */,
			);
			path = Pods;
			sourceTree = "<group>";
		};
		F715719025C815DF00A88FE6 /* IconGroupViews */ = {
			isa = PBXGroup;
			children = (
				F716816225C4110C00B75B60 /* IconGroupView.swift */,
				F779E7F62585D82B00AC829D /* MainAttributesIconGroup.swift */,
				F777D9DC25887CA900859D64 /* SecondaryAttributesIconGroup.swift */,
				F7EC6277258E136400FD536A /* GameInfoIconGroupView.swift */,
			);
			path = IconGroupViews;
			sourceTree = "<group>";
		};
		F715719725C964C900A88FE6 /* CollectionViews */ = {
			isa = PBXGroup;
			children = (
				F734756E2591C39300308880 /* TagCollectionView.swift */,
				F73475762591C89800308880 /* TagCollectionViewFlowLayout.swift */,
			);
			path = CollectionViews;
			sourceTree = "<group>";
		};
		F7336C59257493F700C05848 = {
			isa = PBXGroup;
			children = (
				F7336C64257493F700C05848 /* GamePouch_v2 */,
				F7336C7E257493FA00C05848 /* GamePouch_v2Tests */,
				F7336C89257493FA00C05848 /* GamePouch_v2UITests */,
				F7336C63257493F700C05848 /* Products */,
				A7171909E238823F32187ED9 /* Pods */,
				12C5068F0E5162710EC047CC /* Frameworks */,
			);
			sourceTree = "<group>";
		};
		F7336C63257493F700C05848 /* Products */ = {
			isa = PBXGroup;
			children = (
				F7336C62257493F700C05848 /* GamePouch_v2.app */,
				F7336C7B257493F900C05848 /* GamePouch_v2Tests.xctest */,
				F7336C86257493FA00C05848 /* GamePouch_v2UITests.xctest */,
			);
			name = Products;
			sourceTree = "<group>";
		};
		F7336C64257493F700C05848 /* GamePouch_v2 */ = {
			isa = PBXGroup;
			children = (
				F7336CCC257724C700C05848 /* Utilities */,
				F75E5BE8257B109700611A40 /* Extensions */,
				F7336CC3257721CF00C05848 /* Managers */,
				F7336CD2257733F300C05848 /* Model */,
				F771542B2578526C00FB1508 /* Controllers */,
				F7B9A7772579E74000E06A0F /* Custom Views */,
				F771542C257852AB00FB1508 /* Support */,
				F7336C76257493F900C05848 /* Info.plist */,
			);
			path = GamePouch_v2;
			sourceTree = "<group>";
		};
		F7336C7E257493FA00C05848 /* GamePouch_v2Tests */ = {
			isa = PBXGroup;
			children = (
				F7336C7F257493FA00C05848 /* GamePouch_v2Tests.swift */,
				F7336C81257493FA00C05848 /* Info.plist */,
			);
			path = GamePouch_v2Tests;
			sourceTree = "<group>";
		};
		F7336C89257493FA00C05848 /* GamePouch_v2UITests */ = {
			isa = PBXGroup;
			children = (
				F7336C8A257493FA00C05848 /* GamePouch_v2UITests.swift */,
				F7336C8C257493FA00C05848 /* Info.plist */,
			);
			path = GamePouch_v2UITests;
			sourceTree = "<group>";
		};
		F7336CC3257721CF00C05848 /* Managers */ = {
			isa = PBXGroup;
			children = (
				F7336CC4257721EF00C05848 /* NetworkManager.swift */,
				F7ECBF7D25B3E15A00E40569 /* PersistenceManager.swift */,
			);
			path = Managers;
			sourceTree = "<group>";
		};
		F7336CCC257724C700C05848 /* Utilities */ = {
			isa = PBXGroup;
			children = (
				F7336CCD257724E800C05848 /* GPError.swift */,
				F7D8C74D25837C2F00237071 /* Constants.swift */,
				F78C8DAC25A5D0FA00A3DBE0 /* Debouncer.swift */,
			);
			path = Utilities;
			sourceTree = "<group>";
		};
		F7336CD2257733F300C05848 /* Model */ = {
			isa = PBXGroup;
			children = (
				F7336CD32577340100C05848 /* Game.swift */,
				F7A3A282259572FD00544BFF /* GalleryImages.swift */,
				F78C8D8525A3121E00A3DBE0 /* SearchResult.swift */,
				F771542D2578531900FB1508 /* Parsers */,
			);
			path = Model;
			sourceTree = "<group>";
		};
		F75E5BE8257B109700611A40 /* Extensions */ = {
			isa = PBXGroup;
			children = (
				F77A469025C0F8820036E6F1 /* UIColor+Ext.swift */,
				F71571BD25CAAED500A88FE6 /* Int+Ext.swift */,
			);
			path = Extensions;
			sourceTree = "<group>";
		};
		F7707A6A25A716630076419A /* UICollectionViewCells */ = {
			isa = PBXGroup;
			children = (
				F734756625905FDF00308880 /* TagCell.swift */,
				F7C11AB6259454C200A53778 /* ImageCell.swift */,
			);
			path = UICollectionViewCells;
			sourceTree = "<group>";
		};
		F7707A6B25A716700076419A /* UITableViewCells */ = {
			isa = PBXGroup;
			children = (
				F7B9A7832579E9AF00E06A0F /* HotGameCell.swift */,
				F78C8D9E25A326EE00A3DBE0 /* SearchResultCell.swift */,
				F736EDD325AECA5E00D40A42 /* FavoriteCell.swift */,
			);
			path = UITableViewCells;
			sourceTree = "<group>";
		};
		F771542B2578526C00FB1508 /* Controllers */ = {
			isa = PBXGroup;
			children = (
				F78C8D8D25A318E500A3DBE0 /* Screens */,
				F7336CA22576033A00C05848 /* TabBarController.swift */,
				F7AF6B04259ABD9400BBE0CB /* TagViewController.swift */,
				F7D4C96D259F36BB006E3157 /* GalleryImagesViewController.swift */,
				F78C8D8E25A325D500A3DBE0 /* SearchResultsTableController.swift */,
				F7707A5A25A712230076419A /* RecentSearchTableController.swift */,
			);
			path = Controllers;
			sourceTree = "<group>";
		};
		F771542C257852AB00FB1508 /* Support */ = {
			isa = PBXGroup;
			children = (
				F7336C65257493F700C05848 /* AppDelegate.swift */,
				F7336C67257493F700C05848 /* SceneDelegate.swift */,
				F7336C71257493F900C05848 /* Assets.xcassets */,
				F7336C73257493F900C05848 /* LaunchScreen.storyboard */,
				F7336C6E257493F800C05848 /* GamePouch_v2.xcdatamodeld */,
			);
			path = Support;
			sourceTree = "<group>";
		};
		F771542D2578531900FB1508 /* Parsers */ = {
			isa = PBXGroup;
			children = (
				F771543C25785A7900FB1508 /* HotnessListParser.swift */,
				F75E5BEE257B155800611A40 /* GameInfoParser.swift */,
				F78C8D8025A30BBF00A3DBE0 /* SearchParser.swift */,
			);
			path = Parsers;
			sourceTree = "<group>";
		};
		F78C8D8D25A318E500A3DBE0 /* Screens */ = {
			isa = PBXGroup;
			children = (
				F7336C69257493F700C05848 /* HotGamesViewController.swift */,
				F7EC6267258CC14900FD536A /* GameInfoViewController.swift */,
				F7013D9125A176FB000E2528 /* SearchViewController.swift */,
				F736EDCE25AEC6D300D40A42 /* FavoritesTableViewController.swift */,
			);
			path = Screens;
			sourceTree = "<group>";
		};
		F7B47DFF25B93E50003597B4 /* Buttons */ = {
			isa = PBXGroup;
			children = (
				F7B47E0025B93E6C003597B4 /* FavoriteButton.swift */,
			);
			path = Buttons;
			sourceTree = "<group>";
		};
		F7B9A7762579E72E00E06A0F /* Cells */ = {
			isa = PBXGroup;
			children = (
				F7707A6A25A716630076419A /* UICollectionViewCells */,
				F7707A6B25A716700076419A /* UITableViewCells */,
			);
			path = Cells;
			sourceTree = "<group>";
		};
		F7B9A7772579E74000E06A0F /* Custom Views */ = {
			isa = PBXGroup;
			children = (
				F715719725C964C900A88FE6 /* CollectionViews */,
				F715719025C815DF00A88FE6 /* IconGroupViews */,
				F7D8C74725837B4700237071 /* ImageViews */,
				F7B47DFF25B93E50003597B4 /* Buttons */,
				F7D8C7552584729000237071 /* Labels */,
				F7B9A7762579E72E00E06A0F /* Cells */,
			);
			path = "Custom Views";
			sourceTree = "<group>";
		};
		F7D8C74725837B4700237071 /* ImageViews */ = {
			isa = PBXGroup;
			children = (
				F7D8C74825837B8700237071 /* GameImageView.swift */,
			);
			path = ImageViews;
			sourceTree = "<group>";
		};
		F7D8C7552584729000237071 /* Labels */ = {
			isa = PBXGroup;
			children = (
				F7D8C756258472BD00237071 /* TitleLabel.swift */,
			);
			path = Labels;
			sourceTree = "<group>";
		};
/* End PBXGroup section */

/* Begin PBXNativeTarget section */
		F7336C61257493F700C05848 /* GamePouch_v2 */ = {
			isa = PBXNativeTarget;
			buildConfigurationList = F7336C8F257493FA00C05848 /* Build configuration list for PBXNativeTarget "GamePouch_v2" */;
			buildPhases = (
				170CC6DA9B191F62856106F1 /* [CP] Check Pods Manifest.lock */,
				F7336C5E257493F700C05848 /* Sources */,
				F7336C5F257493F700C05848 /* Frameworks */,
				F7336C60257493F700C05848 /* Resources */,
				9EDFCA951E8D7252491EF073 /* [CP] Embed Pods Frameworks */,
			);
			buildRules = (
			);
			dependencies = (
			);
			name = GamePouch_v2;
			productName = GamePouch_v2;
			productReference = F7336C62257493F700C05848 /* GamePouch_v2.app */;
			productType = "com.apple.product-type.application";
		};
		F7336C7A257493F900C05848 /* GamePouch_v2Tests */ = {
			isa = PBXNativeTarget;
			buildConfigurationList = F7336C92257493FA00C05848 /* Build configuration list for PBXNativeTarget "GamePouch_v2Tests" */;
			buildPhases = (
				D73F85324B081E1674A2C0C1 /* [CP] Check Pods Manifest.lock */,
				F7336C77257493F900C05848 /* Sources */,
				F7336C78257493F900C05848 /* Frameworks */,
				F7336C79257493F900C05848 /* Resources */,
			);
			buildRules = (
			);
			dependencies = (
				F7336C7D257493F900C05848 /* PBXTargetDependency */,
			);
			name = GamePouch_v2Tests;
			productName = GamePouch_v2Tests;
			productReference = F7336C7B257493F900C05848 /* GamePouch_v2Tests.xctest */;
			productType = "com.apple.product-type.bundle.unit-test";
		};
		F7336C85257493FA00C05848 /* GamePouch_v2UITests */ = {
			isa = PBXNativeTarget;
			buildConfigurationList = F7336C95257493FA00C05848 /* Build configuration list for PBXNativeTarget "GamePouch_v2UITests" */;
			buildPhases = (
				A3AD73530D930FF6F5549B67 /* [CP] Check Pods Manifest.lock */,
				F7336C82257493FA00C05848 /* Sources */,
				F7336C83257493FA00C05848 /* Frameworks */,
				F7336C84257493FA00C05848 /* Resources */,
				541338F876A05F4CC3A37F99 /* [CP] Embed Pods Frameworks */,
			);
			buildRules = (
			);
			dependencies = (
				F7336C88257493FA00C05848 /* PBXTargetDependency */,
			);
			name = GamePouch_v2UITests;
			productName = GamePouch_v2UITests;
			productReference = F7336C86257493FA00C05848 /* GamePouch_v2UITests.xctest */;
			productType = "com.apple.product-type.bundle.ui-testing";
		};
/* End PBXNativeTarget section */

/* Begin PBXProject section */
		F7336C5A257493F700C05848 /* Project object */ = {
			isa = PBXProject;
			attributes = {
				LastSwiftUpdateCheck = 1220;
				LastUpgradeCheck = 1220;
				TargetAttributes = {
					F7336C61257493F700C05848 = {
						CreatedOnToolsVersion = 12.2;
					};
					F7336C7A257493F900C05848 = {
						CreatedOnToolsVersion = 12.2;
						TestTargetID = F7336C61257493F700C05848;
					};
					F7336C85257493FA00C05848 = {
						CreatedOnToolsVersion = 12.2;
						TestTargetID = F7336C61257493F700C05848;
					};
				};
			};
			buildConfigurationList = F7336C5D257493F700C05848 /* Build configuration list for PBXProject "GamePouch_v2" */;
			compatibilityVersion = "Xcode 9.3";
			developmentRegion = en;
			hasScannedForEncodings = 0;
			knownRegions = (
				en,
				Base,
			);
			mainGroup = F7336C59257493F700C05848;
			productRefGroup = F7336C63257493F700C05848 /* Products */;
			projectDirPath = "";
			projectRoot = "";
			targets = (
				F7336C61257493F700C05848 /* GamePouch_v2 */,
				F7336C7A257493F900C05848 /* GamePouch_v2Tests */,
				F7336C85257493FA00C05848 /* GamePouch_v2UITests */,
			);
		};
/* End PBXProject section */

/* Begin PBXResourcesBuildPhase section */
		F7336C60257493F700C05848 /* Resources */ = {
			isa = PBXResourcesBuildPhase;
			buildActionMask = 2147483647;
			files = (
				F7336C75257493F900C05848 /* LaunchScreen.storyboard in Resources */,
				F7336C72257493F900C05848 /* Assets.xcassets in Resources */,
			);
			runOnlyForDeploymentPostprocessing = 0;
		};
		F7336C79257493F900C05848 /* Resources */ = {
			isa = PBXResourcesBuildPhase;
			buildActionMask = 2147483647;
			files = (
			);
			runOnlyForDeploymentPostprocessing = 0;
		};
		F7336C84257493FA00C05848 /* Resources */ = {
			isa = PBXResourcesBuildPhase;
			buildActionMask = 2147483647;
			files = (
			);
			runOnlyForDeploymentPostprocessing = 0;
		};
/* End PBXResourcesBuildPhase section */

/* Begin PBXShellScriptBuildPhase section */
		170CC6DA9B191F62856106F1 /* [CP] Check Pods Manifest.lock */ = {
			isa = PBXShellScriptBuildPhase;
			buildActionMask = 2147483647;
			files = (
			);
			inputFileListPaths = (
			);
			inputPaths = (
				"${PODS_PODFILE_DIR_PATH}/Podfile.lock",
				"${PODS_ROOT}/Manifest.lock",
			);
			name = "[CP] Check Pods Manifest.lock";
			outputFileListPaths = (
			);
			outputPaths = (
				"$(DERIVED_FILE_DIR)/Pods-GamePouch_v2-checkManifestLockResult.txt",
			);
			runOnlyForDeploymentPostprocessing = 0;
			shellPath = /bin/sh;
			shellScript = "diff \"${PODS_PODFILE_DIR_PATH}/Podfile.lock\" \"${PODS_ROOT}/Manifest.lock\" > /dev/null\nif [ $? != 0 ] ; then\n    # print error to STDERR\n    echo \"error: The sandbox is not in sync with the Podfile.lock. Run 'pod install' or update your CocoaPods installation.\" >&2\n    exit 1\nfi\n# This output is used by Xcode 'outputs' to avoid re-running this script phase.\necho \"SUCCESS\" > \"${SCRIPT_OUTPUT_FILE_0}\"\n";
			showEnvVarsInLog = 0;
		};
		541338F876A05F4CC3A37F99 /* [CP] Embed Pods Frameworks */ = {
			isa = PBXShellScriptBuildPhase;
			buildActionMask = 2147483647;
			files = (
			);
			inputFileListPaths = (
				"${PODS_ROOT}/Target Support Files/Pods-GamePouch_v2-GamePouch_v2UITests/Pods-GamePouch_v2-GamePouch_v2UITests-frameworks-${CONFIGURATION}-input-files.xcfilelist",
			);
			name = "[CP] Embed Pods Frameworks";
			outputFileListPaths = (
				"${PODS_ROOT}/Target Support Files/Pods-GamePouch_v2-GamePouch_v2UITests/Pods-GamePouch_v2-GamePouch_v2UITests-frameworks-${CONFIGURATION}-output-files.xcfilelist",
			);
			runOnlyForDeploymentPostprocessing = 0;
			shellPath = /bin/sh;
			shellScript = "\"${PODS_ROOT}/Target Support Files/Pods-GamePouch_v2-GamePouch_v2UITests/Pods-GamePouch_v2-GamePouch_v2UITests-frameworks.sh\"\n";
			showEnvVarsInLog = 0;
		};
		9EDFCA951E8D7252491EF073 /* [CP] Embed Pods Frameworks */ = {
			isa = PBXShellScriptBuildPhase;
			buildActionMask = 2147483647;
			files = (
			);
			inputFileListPaths = (
				"${PODS_ROOT}/Target Support Files/Pods-GamePouch_v2/Pods-GamePouch_v2-frameworks-${CONFIGURATION}-input-files.xcfilelist",
			);
			name = "[CP] Embed Pods Frameworks";
			outputFileListPaths = (
				"${PODS_ROOT}/Target Support Files/Pods-GamePouch_v2/Pods-GamePouch_v2-frameworks-${CONFIGURATION}-output-files.xcfilelist",
			);
			runOnlyForDeploymentPostprocessing = 0;
			shellPath = /bin/sh;
			shellScript = "\"${PODS_ROOT}/Target Support Files/Pods-GamePouch_v2/Pods-GamePouch_v2-frameworks.sh\"\n";
			showEnvVarsInLog = 0;
		};
		A3AD73530D930FF6F5549B67 /* [CP] Check Pods Manifest.lock */ = {
			isa = PBXShellScriptBuildPhase;
			buildActionMask = 2147483647;
			files = (
			);
			inputFileListPaths = (
			);
			inputPaths = (
				"${PODS_PODFILE_DIR_PATH}/Podfile.lock",
				"${PODS_ROOT}/Manifest.lock",
			);
			name = "[CP] Check Pods Manifest.lock";
			outputFileListPaths = (
			);
			outputPaths = (
				"$(DERIVED_FILE_DIR)/Pods-GamePouch_v2-GamePouch_v2UITests-checkManifestLockResult.txt",
			);
			runOnlyForDeploymentPostprocessing = 0;
			shellPath = /bin/sh;
			shellScript = "diff \"${PODS_PODFILE_DIR_PATH}/Podfile.lock\" \"${PODS_ROOT}/Manifest.lock\" > /dev/null\nif [ $? != 0 ] ; then\n    # print error to STDERR\n    echo \"error: The sandbox is not in sync with the Podfile.lock. Run 'pod install' or update your CocoaPods installation.\" >&2\n    exit 1\nfi\n# This output is used by Xcode 'outputs' to avoid re-running this script phase.\necho \"SUCCESS\" > \"${SCRIPT_OUTPUT_FILE_0}\"\n";
			showEnvVarsInLog = 0;
		};
		D73F85324B081E1674A2C0C1 /* [CP] Check Pods Manifest.lock */ = {
			isa = PBXShellScriptBuildPhase;
			buildActionMask = 2147483647;
			files = (
			);
			inputFileListPaths = (
			);
			inputPaths = (
				"${PODS_PODFILE_DIR_PATH}/Podfile.lock",
				"${PODS_ROOT}/Manifest.lock",
			);
			name = "[CP] Check Pods Manifest.lock";
			outputFileListPaths = (
			);
			outputPaths = (
				"$(DERIVED_FILE_DIR)/Pods-GamePouch_v2Tests-checkManifestLockResult.txt",
			);
			runOnlyForDeploymentPostprocessing = 0;
			shellPath = /bin/sh;
			shellScript = "diff \"${PODS_PODFILE_DIR_PATH}/Podfile.lock\" \"${PODS_ROOT}/Manifest.lock\" > /dev/null\nif [ $? != 0 ] ; then\n    # print error to STDERR\n    echo \"error: The sandbox is not in sync with the Podfile.lock. Run 'pod install' or update your CocoaPods installation.\" >&2\n    exit 1\nfi\n# This output is used by Xcode 'outputs' to avoid re-running this script phase.\necho \"SUCCESS\" > \"${SCRIPT_OUTPUT_FILE_0}\"\n";
			showEnvVarsInLog = 0;
		};
/* End PBXShellScriptBuildPhase section */

/* Begin PBXSourcesBuildPhase section */
		F7336C5E257493F700C05848 /* Sources */ = {
			isa = PBXSourcesBuildPhase;
			buildActionMask = 2147483647;
			files = (
				F779E7F72585D82B00AC829D /* MainAttributesIconGroup.swift in Sources */,
				F78C8DAD25A5D0FA00A3DBE0 /* Debouncer.swift in Sources */,
				F736EDD425AECA5E00D40A42 /* FavoriteCell.swift in Sources */,
				F771543D25785A7900FB1508 /* HotnessListParser.swift in Sources */,
				F7013D9225A176FB000E2528 /* SearchViewController.swift in Sources */,
				F716816325C4110C00B75B60 /* IconGroupView.swift in Sources */,
				F7A3A283259572FD00544BFF /* GalleryImages.swift in Sources */,
				F7336CC5257721EF00C05848 /* NetworkManager.swift in Sources */,
				F78C8D8125A30BBF00A3DBE0 /* SearchParser.swift in Sources */,
				F7D8C757258472BD00237071 /* TitleLabel.swift in Sources */,
				F7336C6A257493F800C05848 /* HotGamesViewController.swift in Sources */,
				F777D9DD25887CA900859D64 /* SecondaryAttributesIconGroup.swift in Sources */,
				F7336C70257493F800C05848 /* GamePouch_v2.xcdatamodeld in Sources */,
				F7336CCE257724E800C05848 /* GPError.swift in Sources */,
				F71571BE25CAAED500A88FE6 /* Int+Ext.swift in Sources */,
				F7B9A7842579E9AF00E06A0F /* HotGameCell.swift in Sources */,
				F7ECBF7E25B3E15A00E40569 /* PersistenceManager.swift in Sources */,
				F7EC6268258CC14900FD536A /* GameInfoViewController.swift in Sources */,
				F7AF6B05259ABD9400BBE0CB /* TagViewController.swift in Sources */,
				F734756F2591C39300308880 /* TagCollectionView.swift in Sources */,
				F7336C66257493F700C05848 /* AppDelegate.swift in Sources */,
				F734756725905FDF00308880 /* TagCell.swift in Sources */,
				F7D8C74925837B8700237071 /* GameImageView.swift in Sources */,
				F78C8D9F25A326EE00A3DBE0 /* SearchResultCell.swift in Sources */,
				F736EDCF25AEC6D300D40A42 /* FavoritesTableViewController.swift in Sources */,
				F77A469125C0F8820036E6F1 /* UIColor+Ext.swift in Sources */,
				F78C8D8F25A325D500A3DBE0 /* SearchResultsTableController.swift in Sources */,
				F7707A5B25A712230076419A /* RecentSearchTableController.swift in Sources */,
				F73475772591C89800308880 /* TagCollectionViewFlowLayout.swift in Sources */,
				F78C8D8625A3121E00A3DBE0 /* SearchResult.swift in Sources */,
				F7336CA32576033A00C05848 /* TabBarController.swift in Sources */,
				F7D4C96E259F36BB006E3157 /* GalleryImagesViewController.swift in Sources */,
				F7EC6278258E136400FD536A /* GameInfoIconGroupView.swift in Sources */,
				F7B47E0125B93E6C003597B4 /* FavoriteButton.swift in Sources */,
				F7336C68257493F700C05848 /* SceneDelegate.swift in Sources */,
				F7C11AB7259454C200A53778 /* ImageCell.swift in Sources */,
				F7D8C74E25837C2F00237071 /* Constants.swift in Sources */,
				F75E5BEF257B155800611A40 /* GameInfoParser.swift in Sources */,
				F7336CD42577340100C05848 /* Game.swift in Sources */,
			);
			runOnlyForDeploymentPostprocessing = 0;
		};
		F7336C77257493F900C05848 /* Sources */ = {
			isa = PBXSourcesBuildPhase;
			buildActionMask = 2147483647;
			files = (
				F7336C80257493FA00C05848 /* GamePouch_v2Tests.swift in Sources */,
			);
			runOnlyForDeploymentPostprocessing = 0;
		};
		F7336C82257493FA00C05848 /* Sources */ = {
			isa = PBXSourcesBuildPhase;
			buildActionMask = 2147483647;
			files = (
				F7336C8B257493FA00C05848 /* GamePouch_v2UITests.swift in Sources */,
			);
			runOnlyForDeploymentPostprocessing = 0;
		};
/* End PBXSourcesBuildPhase section */

/* Begin PBXTargetDependency section */
		F7336C7D257493F900C05848 /* PBXTargetDependency */ = {
			isa = PBXTargetDependency;
			target = F7336C61257493F700C05848 /* GamePouch_v2 */;
			targetProxy = F7336C7C257493F900C05848 /* PBXContainerItemProxy */;
		};
		F7336C88257493FA00C05848 /* PBXTargetDependency */ = {
			isa = PBXTargetDependency;
			target = F7336C61257493F700C05848 /* GamePouch_v2 */;
			targetProxy = F7336C87257493FA00C05848 /* PBXContainerItemProxy */;
		};
/* End PBXTargetDependency section */

/* Begin PBXVariantGroup section */
		F7336C73257493F900C05848 /* LaunchScreen.storyboard */ = {
			isa = PBXVariantGroup;
			children = (
				F7336C74257493F900C05848 /* Base */,
			);
			name = LaunchScreen.storyboard;
			sourceTree = "<group>";
		};
/* End PBXVariantGroup section */

/* Begin XCBuildConfiguration section */
		F7336C8D257493FA00C05848 /* Debug */ = {
			isa = XCBuildConfiguration;
			buildSettings = {
				ALWAYS_SEARCH_USER_PATHS = NO;
				CLANG_ANALYZER_NONNULL = YES;
				CLANG_ANALYZER_NUMBER_OBJECT_CONVERSION = YES_AGGRESSIVE;
				CLANG_CXX_LANGUAGE_STANDARD = "gnu++14";
				CLANG_CXX_LIBRARY = "libc++";
				CLANG_ENABLE_MODULES = YES;
				CLANG_ENABLE_OBJC_ARC = YES;
				CLANG_ENABLE_OBJC_WEAK = YES;
				CLANG_WARN_BLOCK_CAPTURE_AUTORELEASING = YES;
				CLANG_WARN_BOOL_CONVERSION = YES;
				CLANG_WARN_COMMA = YES;
				CLANG_WARN_CONSTANT_CONVERSION = YES;
				CLANG_WARN_DEPRECATED_OBJC_IMPLEMENTATIONS = YES;
				CLANG_WARN_DIRECT_OBJC_ISA_USAGE = YES_ERROR;
				CLANG_WARN_DOCUMENTATION_COMMENTS = YES;
				CLANG_WARN_EMPTY_BODY = YES;
				CLANG_WARN_ENUM_CONVERSION = YES;
				CLANG_WARN_INFINITE_RECURSION = YES;
				CLANG_WARN_INT_CONVERSION = YES;
				CLANG_WARN_NON_LITERAL_NULL_CONVERSION = YES;
				CLANG_WARN_OBJC_IMPLICIT_RETAIN_SELF = YES;
				CLANG_WARN_OBJC_LITERAL_CONVERSION = YES;
				CLANG_WARN_OBJC_ROOT_CLASS = YES_ERROR;
				CLANG_WARN_QUOTED_INCLUDE_IN_FRAMEWORK_HEADER = YES;
				CLANG_WARN_RANGE_LOOP_ANALYSIS = YES;
				CLANG_WARN_STRICT_PROTOTYPES = YES;
				CLANG_WARN_SUSPICIOUS_MOVE = YES;
				CLANG_WARN_UNGUARDED_AVAILABILITY = YES_AGGRESSIVE;
				CLANG_WARN_UNREACHABLE_CODE = YES;
				CLANG_WARN__DUPLICATE_METHOD_MATCH = YES;
				COPY_PHASE_STRIP = NO;
				DEBUG_INFORMATION_FORMAT = dwarf;
				ENABLE_STRICT_OBJC_MSGSEND = YES;
				ENABLE_TESTABILITY = YES;
				GCC_C_LANGUAGE_STANDARD = gnu11;
				GCC_DYNAMIC_NO_PIC = NO;
				GCC_NO_COMMON_BLOCKS = YES;
				GCC_OPTIMIZATION_LEVEL = 0;
				GCC_PREPROCESSOR_DEFINITIONS = (
					"DEBUG=1",
					"$(inherited)",
				);
				GCC_WARN_64_TO_32_BIT_CONVERSION = YES;
				GCC_WARN_ABOUT_RETURN_TYPE = YES_ERROR;
				GCC_WARN_UNDECLARED_SELECTOR = YES;
				GCC_WARN_UNINITIALIZED_AUTOS = YES_AGGRESSIVE;
				GCC_WARN_UNUSED_FUNCTION = YES;
				GCC_WARN_UNUSED_VARIABLE = YES;
				IPHONEOS_DEPLOYMENT_TARGET = 14.2;
				MTL_ENABLE_DEBUG_INFO = INCLUDE_SOURCE;
				MTL_FAST_MATH = YES;
				ONLY_ACTIVE_ARCH = YES;
				SDKROOT = iphoneos;
				SWIFT_ACTIVE_COMPILATION_CONDITIONS = DEBUG;
				SWIFT_OPTIMIZATION_LEVEL = "-Onone";
			};
			name = Debug;
		};
		F7336C8E257493FA00C05848 /* Release */ = {
			isa = XCBuildConfiguration;
			buildSettings = {
				ALWAYS_SEARCH_USER_PATHS = NO;
				CLANG_ANALYZER_NONNULL = YES;
				CLANG_ANALYZER_NUMBER_OBJECT_CONVERSION = YES_AGGRESSIVE;
				CLANG_CXX_LANGUAGE_STANDARD = "gnu++14";
				CLANG_CXX_LIBRARY = "libc++";
				CLANG_ENABLE_MODULES = YES;
				CLANG_ENABLE_OBJC_ARC = YES;
				CLANG_ENABLE_OBJC_WEAK = YES;
				CLANG_WARN_BLOCK_CAPTURE_AUTORELEASING = YES;
				CLANG_WARN_BOOL_CONVERSION = YES;
				CLANG_WARN_COMMA = YES;
				CLANG_WARN_CONSTANT_CONVERSION = YES;
				CLANG_WARN_DEPRECATED_OBJC_IMPLEMENTATIONS = YES;
				CLANG_WARN_DIRECT_OBJC_ISA_USAGE = YES_ERROR;
				CLANG_WARN_DOCUMENTATION_COMMENTS = YES;
				CLANG_WARN_EMPTY_BODY = YES;
				CLANG_WARN_ENUM_CONVERSION = YES;
				CLANG_WARN_INFINITE_RECURSION = YES;
				CLANG_WARN_INT_CONVERSION = YES;
				CLANG_WARN_NON_LITERAL_NULL_CONVERSION = YES;
				CLANG_WARN_OBJC_IMPLICIT_RETAIN_SELF = YES;
				CLANG_WARN_OBJC_LITERAL_CONVERSION = YES;
				CLANG_WARN_OBJC_ROOT_CLASS = YES_ERROR;
				CLANG_WARN_QUOTED_INCLUDE_IN_FRAMEWORK_HEADER = YES;
				CLANG_WARN_RANGE_LOOP_ANALYSIS = YES;
				CLANG_WARN_STRICT_PROTOTYPES = YES;
				CLANG_WARN_SUSPICIOUS_MOVE = YES;
				CLANG_WARN_UNGUARDED_AVAILABILITY = YES_AGGRESSIVE;
				CLANG_WARN_UNREACHABLE_CODE = YES;
				CLANG_WARN__DUPLICATE_METHOD_MATCH = YES;
				COPY_PHASE_STRIP = NO;
				DEBUG_INFORMATION_FORMAT = "dwarf-with-dsym";
				ENABLE_NS_ASSERTIONS = NO;
				ENABLE_STRICT_OBJC_MSGSEND = YES;
				GCC_C_LANGUAGE_STANDARD = gnu11;
				GCC_NO_COMMON_BLOCKS = YES;
				GCC_WARN_64_TO_32_BIT_CONVERSION = YES;
				GCC_WARN_ABOUT_RETURN_TYPE = YES_ERROR;
				GCC_WARN_UNDECLARED_SELECTOR = YES;
				GCC_WARN_UNINITIALIZED_AUTOS = YES_AGGRESSIVE;
				GCC_WARN_UNUSED_FUNCTION = YES;
				GCC_WARN_UNUSED_VARIABLE = YES;
				IPHONEOS_DEPLOYMENT_TARGET = 14.2;
				MTL_ENABLE_DEBUG_INFO = NO;
				MTL_FAST_MATH = YES;
				SDKROOT = iphoneos;
				SWIFT_COMPILATION_MODE = wholemodule;
				SWIFT_OPTIMIZATION_LEVEL = "-O";
				VALIDATE_PRODUCT = YES;
			};
			name = Release;
		};
		F7336C90257493FA00C05848 /* Debug */ = {
			isa = XCBuildConfiguration;
			baseConfigurationReference = 2E216A550B1210C284C1A4B8 /* Pods-GamePouch_v2.debug.xcconfig */;
			buildSettings = {
				ALWAYS_EMBED_SWIFT_STANDARD_LIBRARIES = "$(inherited)";
				ASSETCATALOG_COMPILER_APPICON_NAME = AppIcon;
				ASSETCATALOG_COMPILER_GLOBAL_ACCENT_COLOR_NAME = AccentColor;
				CODE_SIGN_STYLE = Automatic;
				DEVELOPMENT_TEAM = SA29F4NK83;
				INFOPLIST_FILE = GamePouch_v2/Info.plist;
				LD_RUNPATH_SEARCH_PATHS = (
					"$(inherited)",
					"@executable_path/Frameworks",
				);
				PRODUCT_BUNDLE_IDENTIFIER = "com.jlee.GamePouch-v2";
				PRODUCT_NAME = "$(TARGET_NAME)";
				SWIFT_VERSION = 5.0;
				TARGETED_DEVICE_FAMILY = "1,2";
			};
			name = Debug;
		};
		F7336C91257493FA00C05848 /* Release */ = {
			isa = XCBuildConfiguration;
			baseConfigurationReference = C3E5C17BC04C710C37B2D7DC /* Pods-GamePouch_v2.release.xcconfig */;
			buildSettings = {
				ALWAYS_EMBED_SWIFT_STANDARD_LIBRARIES = "$(inherited)";
				ASSETCATALOG_COMPILER_APPICON_NAME = AppIcon;
				ASSETCATALOG_COMPILER_GLOBAL_ACCENT_COLOR_NAME = AccentColor;
				CODE_SIGN_STYLE = Automatic;
				DEVELOPMENT_TEAM = SA29F4NK83;
				INFOPLIST_FILE = GamePouch_v2/Info.plist;
				LD_RUNPATH_SEARCH_PATHS = (
					"$(inherited)",
					"@executable_path/Frameworks",
				);
				PRODUCT_BUNDLE_IDENTIFIER = "com.jlee.GamePouch-v2";
				PRODUCT_NAME = "$(TARGET_NAME)";
				SWIFT_VERSION = 5.0;
				TARGETED_DEVICE_FAMILY = "1,2";
			};
			name = Release;
		};
		F7336C93257493FA00C05848 /* Debug */ = {
			isa = XCBuildConfiguration;
			baseConfigurationReference = FCDB4E9CCBCC12957ACC4F30 /* Pods-GamePouch_v2Tests.debug.xcconfig */;
			buildSettings = {
				ALWAYS_EMBED_SWIFT_STANDARD_LIBRARIES = "$(inherited)";
				BUNDLE_LOADER = "$(TEST_HOST)";
				CODE_SIGN_STYLE = Automatic;
				DEVELOPMENT_TEAM = SA29F4NK83;
				INFOPLIST_FILE = GamePouch_v2Tests/Info.plist;
				IPHONEOS_DEPLOYMENT_TARGET = 14.2;
				LD_RUNPATH_SEARCH_PATHS = (
					"$(inherited)",
					"@executable_path/Frameworks",
					"@loader_path/Frameworks",
				);
				PRODUCT_BUNDLE_IDENTIFIER = "com.jlee.GamePouch-v2Tests";
				PRODUCT_NAME = "$(TARGET_NAME)";
				SWIFT_VERSION = 5.0;
				TARGETED_DEVICE_FAMILY = "1,2";
				TEST_HOST = "$(BUILT_PRODUCTS_DIR)/GamePouch_v2.app/GamePouch_v2";
			};
			name = Debug;
		};
		F7336C94257493FA00C05848 /* Release */ = {
			isa = XCBuildConfiguration;
			baseConfigurationReference = 32CADB4DC847987E29F294EE /* Pods-GamePouch_v2Tests.release.xcconfig */;
			buildSettings = {
				ALWAYS_EMBED_SWIFT_STANDARD_LIBRARIES = "$(inherited)";
				BUNDLE_LOADER = "$(TEST_HOST)";
				CODE_SIGN_STYLE = Automatic;
				DEVELOPMENT_TEAM = SA29F4NK83;
				INFOPLIST_FILE = GamePouch_v2Tests/Info.plist;
				IPHONEOS_DEPLOYMENT_TARGET = 14.2;
				LD_RUNPATH_SEARCH_PATHS = (
					"$(inherited)",
					"@executable_path/Frameworks",
					"@loader_path/Frameworks",
				);
				PRODUCT_BUNDLE_IDENTIFIER = "com.jlee.GamePouch-v2Tests";
				PRODUCT_NAME = "$(TARGET_NAME)";
				SWIFT_VERSION = 5.0;
				TARGETED_DEVICE_FAMILY = "1,2";
				TEST_HOST = "$(BUILT_PRODUCTS_DIR)/GamePouch_v2.app/GamePouch_v2";
			};
			name = Release;
		};
		F7336C96257493FA00C05848 /* Debug */ = {
			isa = XCBuildConfiguration;
			baseConfigurationReference = C1ED9A0C5E2540F5B70DBFAB /* Pods-GamePouch_v2-GamePouch_v2UITests.debug.xcconfig */;
			buildSettings = {
				ALWAYS_EMBED_SWIFT_STANDARD_LIBRARIES = "$(inherited)";
				CODE_SIGN_STYLE = Automatic;
				DEVELOPMENT_TEAM = SA29F4NK83;
				INFOPLIST_FILE = GamePouch_v2UITests/Info.plist;
				LD_RUNPATH_SEARCH_PATHS = (
					"$(inherited)",
					"@executable_path/Frameworks",
					"@loader_path/Frameworks",
				);
				PRODUCT_BUNDLE_IDENTIFIER = "com.jlee.GamePouch-v2UITests";
				PRODUCT_NAME = "$(TARGET_NAME)";
				SWIFT_VERSION = 5.0;
				TARGETED_DEVICE_FAMILY = "1,2";
				TEST_TARGET_NAME = GamePouch_v2;
			};
			name = Debug;
		};
		F7336C97257493FA00C05848 /* Release */ = {
			isa = XCBuildConfiguration;
			baseConfigurationReference = F89B3CFA59EAEC376D890633 /* Pods-GamePouch_v2-GamePouch_v2UITests.release.xcconfig */;
			buildSettings = {
				ALWAYS_EMBED_SWIFT_STANDARD_LIBRARIES = "$(inherited)";
				CODE_SIGN_STYLE = Automatic;
				DEVELOPMENT_TEAM = SA29F4NK83;
				INFOPLIST_FILE = GamePouch_v2UITests/Info.plist;
				LD_RUNPATH_SEARCH_PATHS = (
					"$(inherited)",
					"@executable_path/Frameworks",
					"@loader_path/Frameworks",
				);
				PRODUCT_BUNDLE_IDENTIFIER = "com.jlee.GamePouch-v2UITests";
				PRODUCT_NAME = "$(TARGET_NAME)";
				SWIFT_VERSION = 5.0;
				TARGETED_DEVICE_FAMILY = "1,2";
				TEST_TARGET_NAME = GamePouch_v2;
			};
			name = Release;
		};
/* End XCBuildConfiguration section */

/* Begin XCConfigurationList section */
		F7336C5D257493F700C05848 /* Build configuration list for PBXProject "GamePouch_v2" */ = {
			isa = XCConfigurationList;
			buildConfigurations = (
				F7336C8D257493FA00C05848 /* Debug */,
				F7336C8E257493FA00C05848 /* Release */,
			);
			defaultConfigurationIsVisible = 0;
			defaultConfigurationName = Release;
		};
		F7336C8F257493FA00C05848 /* Build configuration list for PBXNativeTarget "GamePouch_v2" */ = {
			isa = XCConfigurationList;
			buildConfigurations = (
				F7336C90257493FA00C05848 /* Debug */,
				F7336C91257493FA00C05848 /* Release */,
			);
			defaultConfigurationIsVisible = 0;
			defaultConfigurationName = Release;
		};
		F7336C92257493FA00C05848 /* Build configuration list for PBXNativeTarget "GamePouch_v2Tests" */ = {
			isa = XCConfigurationList;
			buildConfigurations = (
				F7336C93257493FA00C05848 /* Debug */,
				F7336C94257493FA00C05848 /* Release */,
			);
			defaultConfigurationIsVisible = 0;
			defaultConfigurationName = Release;
		};
		F7336C95257493FA00C05848 /* Build configuration list for PBXNativeTarget "GamePouch_v2UITests" */ = {
			isa = XCConfigurationList;
			buildConfigurations = (
				F7336C96257493FA00C05848 /* Debug */,
				F7336C97257493FA00C05848 /* Release */,
			);
			defaultConfigurationIsVisible = 0;
			defaultConfigurationName = Release;
		};
/* End XCConfigurationList section */

/* Begin XCVersionGroup section */
		F7336C6E257493F800C05848 /* GamePouch_v2.xcdatamodeld */ = {
			isa = XCVersionGroup;
			children = (
				F7336C6F257493F800C05848 /* GamePouch_v2.xcdatamodel */,
			);
			currentVersion = F7336C6F257493F800C05848 /* GamePouch_v2.xcdatamodel */;
			path = GamePouch_v2.xcdatamodeld;
			sourceTree = "<group>";
			versionGroupType = wrapper.xcdatamodel;
		};
/* End XCVersionGroup section */
	};
	rootObject = F7336C5A257493F700C05848 /* Project object */;
}
